// !$*UTF8*$!
{
	archiveVersion = 1;
	classes = {
	};
	objectVersion = 60;
	objects = {

/* Begin PBXBuildFile section */
		6D0533F32B7C2A830085EDEC /* ViewModifier.swift in Sources */ = {isa = PBXBuildFile; fileRef = 6D0533F22B7C2A830085EDEC /* ViewModifier.swift */; };
		6D0533F82B7C2FE70085EDEC /* MessageList.swift in Sources */ = {isa = PBXBuildFile; fileRef = 6D0533F72B7C2FE70085EDEC /* MessageList.swift */; };
		6D0534042B7CE6510085EDEC /* GeneralTab.swift in Sources */ = {isa = PBXBuildFile; fileRef = 6D0534032B7CE6510085EDEC /* GeneralTab.swift */; };
		6D0534062B7CEB500085EDEC /* RefreshButton.swift in Sources */ = {isa = PBXBuildFile; fileRef = 6D0534052B7CEB500085EDEC /* RefreshButton.swift */; };
		6D0534082B7D47A20085EDEC /* AccountList.swift in Sources */ = {isa = PBXBuildFile; fileRef = 6D0534072B7D47A20085EDEC /* AccountList.swift */; };
		6D05340A2B7D47D90085EDEC /* AccountCell.swift in Sources */ = {isa = PBXBuildFile; fileRef = 6D0534092B7D47D90085EDEC /* AccountCell.swift */; };
		6D05340C2B7D48000085EDEC /* AccountView.swift in Sources */ = {isa = PBXBuildFile; fileRef = 6D05340B2B7D48000085EDEC /* AccountView.swift */; };
		6D0534102B7D529F0085EDEC /* MessageCell.swift in Sources */ = {isa = PBXBuildFile; fileRef = 6D05340F2B7D529F0085EDEC /* MessageCell.swift */; };
		6D0534132B7D533E0085EDEC /* AccountListToolBar.swift in Sources */ = {isa = PBXBuildFile; fileRef = 6D0534122B7D533E0085EDEC /* AccountListToolBar.swift */; };
		6D0534192B7D709D0085EDEC /* SplitView.swift in Sources */ = {isa = PBXBuildFile; fileRef = 6D0534182B7D709D0085EDEC /* SplitView.swift */; };
		6D05341F2B7DA35B0085EDEC /* AccountSectionHeader.swift in Sources */ = {isa = PBXBuildFile; fileRef = 6D05341E2B7DA35B0085EDEC /* AccountSectionHeader.swift */; };
		6D0534232B7DB1730085EDEC /* MailFolderCell.swift in Sources */ = {isa = PBXBuildFile; fileRef = 6D0534222B7DB1730085EDEC /* MailFolderCell.swift */; };
		6D0534262B7DC1910085EDEC /* MessageListToolBar.swift in Sources */ = {isa = PBXBuildFile; fileRef = 6D0534252B7DC1910085EDEC /* MessageListToolBar.swift */; };
		6D0534282B7DDCBB0085EDEC /* Error.swift in Sources */ = {isa = PBXBuildFile; fileRef = 6D0534272B7DDCBB0085EDEC /* Error.swift */; };
		6D21BD632B6CDCEE00FF6FDB /* MailWindowModel.swift in Sources */ = {isa = PBXBuildFile; fileRef = 6D21BD622B6CDCEE00FF6FDB /* MailWindowModel.swift */; };
		6D3191942B7151930027DB5A /* Localizable.xcstrings in Resources */ = {isa = PBXBuildFile; fileRef = 6D3191932B7151930027DB5A /* Localizable.xcstrings */; };
		6D3F9B322B81FBF6008F3745 /* deprecated.swift in Sources */ = {isa = PBXBuildFile; fileRef = 6D3F9B312B81FBF6008F3745 /* deprecated.swift */; };
		6D3F9E1C2B830EA9008F3745 /* AppModel.swift in Sources */ = {isa = PBXBuildFile; fileRef = 6D86B7042B7B1C3E0001FFA2 /* AppModel.swift */; };
		6D3F9E1E2B83197A008F3745 /* deprecated_Google+.swift in Sources */ = {isa = PBXBuildFile; fileRef = 6D3F9E1D2B83197A008F3745 /* deprecated_Google+.swift */; };
		6D50502E2B6C206500253783 /* JSON.swift in Sources */ = {isa = PBXBuildFile; fileRef = 6D50502D2B6C206500253783 /* JSON.swift */; };
		6D5050302B6C458600253783 /* TargetFolderPaths.swift in Sources */ = {isa = PBXBuildFile; fileRef = 6D50502F2B6C458600253783 /* TargetFolderPaths.swift */; };
		6D5050322B6C99D800253783 /* HStack.swift in Sources */ = {isa = PBXBuildFile; fileRef = 6D5050312B6C99D800253783 /* HStack.swift */; };
		6D582E742B6AFAA4007864EC /* VC.swift in Sources */ = {isa = PBXBuildFile; fileRef = 6D582E732B6AFAA4007864EC /* VC.swift */; };
		6D582E782B6B2875007864EC /* CombineContext.swift in Sources */ = {isa = PBXBuildFile; fileRef = 6D582E772B6B2875007864EC /* CombineContext.swift */; };
		6D582E7A2B6B291D007864EC /* AccountsTab.swift in Sources */ = {isa = PBXBuildFile; fileRef = 6D582E792B6B291D007864EC /* AccountsTab.swift */; };
		6D63E1B12B686F04006E555B /* JetEmailApp.swift in Sources */ = {isa = PBXBuildFile; fileRef = 6D63E1B02B686F04006E555B /* JetEmailApp.swift */; };
		6D63E1B52B686F05006E555B /* Assets.xcassets in Resources */ = {isa = PBXBuildFile; fileRef = 6D63E1B42B686F05006E555B /* Assets.xcassets */; };
		6D703FB12B7A20E9004F3FC2 /* ObservableUserDefault in Frameworks */ = {isa = PBXBuildFile; productRef = 6D703FB02B7A20E9004F3FC2 /* ObservableUserDefault */; };
		6D703FB32B7A20E9004F3FC2 /* ObservableUserDefaultClient in Frameworks */ = {isa = PBXBuildFile; productRef = 6D703FB22B7A20E9004F3FC2 /* ObservableUserDefaultClient */; };
		6D703FB62B7ACD9A004F3FC2 /* Account.swift in Sources */ = {isa = PBXBuildFile; fileRef = 6D703FB52B7ACD9A004F3FC2 /* Account.swift */; };
		6D78FDBA2B8944C000466C28 /* loadAccounts.swift in Sources */ = {isa = PBXBuildFile; fileRef = 6D78FDB92B8944C000466C28 /* loadAccounts.swift */; };
		6D78FDBC2B8944F200466C28 /* signIn.swift in Sources */ = {isa = PBXBuildFile; fileRef = 6D78FDBB2B8944F200466C28 /* signIn.swift */; };
		6D78FDBE2B89451200466C28 /* signOut.swift in Sources */ = {isa = PBXBuildFile; fileRef = 6D78FDBD2B89451200466C28 /* signOut.swift */; };
		6D78FDC02B89452E00466C28 /* loadMailFolders.swift in Sources */ = {isa = PBXBuildFile; fileRef = 6D78FDBF2B89452E00466C28 /* loadMailFolders.swift */; };
		6D819BCC2B89C5C300C083C8 /* loadMessages.swift in Sources */ = {isa = PBXBuildFile; fileRef = 6D819BCB2B89C5C300C083C8 /* loadMessages.swift */; };
		6D819BCE2B89C65900C083C8 /* moveAccounts.swift in Sources */ = {isa = PBXBuildFile; fileRef = 6D819BCD2B89C65900C083C8 /* moveAccounts.swift */; };
		6D819BED2B8AC12C00C083C8 /* loadBody.swift in Sources */ = {isa = PBXBuildFile; fileRef = 6D819BEC2B8AC12C00C083C8 /* loadBody.swift */; };
		6D86B7152B7B2A480001FFA2 /* WebView.swift in Sources */ = {isa = PBXBuildFile; fileRef = 6D86B7142B7B2A480001FFA2 /* WebView.swift */; };
		6D86B7192B7B2B9C0001FFA2 /* ResultView.swift in Sources */ = {isa = PBXBuildFile; fileRef = 6D86B7182B7B2B9C0001FFA2 /* ResultView.swift */; };
		6D86B7212B7B2EC30001FFA2 /* MailWindow.swift in Sources */ = {isa = PBXBuildFile; fileRef = 6D86B71C2B7B2EC30001FFA2 /* MailWindow.swift */; };
		6D86B7222B7B2EC30001FFA2 /* AccountSection.swift in Sources */ = {isa = PBXBuildFile; fileRef = 6D86B71D2B7B2EC30001FFA2 /* AccountSection.swift */; };
		6D86B7232B7B2EC30001FFA2 /* AccountSectionList.swift in Sources */ = {isa = PBXBuildFile; fileRef = 6D86B71E2B7B2EC30001FFA2 /* AccountSectionList.swift */; };
		6D86B7242B7B2EC30001FFA2 /* MessageView.swift in Sources */ = {isa = PBXBuildFile; fileRef = 6D86B71F2B7B2EC30001FFA2 /* MessageView.swift */; };
		6D86B7262B7B3D1B0001FFA2 /* MailFolder.swift in Sources */ = {isa = PBXBuildFile; fileRef = 6D86B7252B7B3D1B0001FFA2 /* MailFolder.swift */; };
		6D86B72A2B7B3E690001FFA2 /* Foundation.JSON.swift in Sources */ = {isa = PBXBuildFile; fileRef = 6D86B7292B7B3E690001FFA2 /* Foundation.JSON.swift */; };
		6D86B72C2B7B45AC0001FFA2 /* ModelContext+.swift in Sources */ = {isa = PBXBuildFile; fileRef = 6D86B72B2B7B45AC0001FFA2 /* ModelContext+.swift */; };
		6D86B72E2B7B61490001FFA2 /* Message.swift in Sources */ = {isa = PBXBuildFile; fileRef = 6D86B72D2B7B61490001FFA2 /* Message.swift */; };
		6D90574D2B7401D5009CBB45 /* OpenAI in Frameworks */ = {isa = PBXBuildFile; productRef = 6D90574C2B7401D5009CBB45 /* OpenAI */; };
		6D90574F2B742EC3009CBB45 /* classify.swift in Sources */ = {isa = PBXBuildFile; fileRef = 6D90574E2B742EC3009CBB45 /* classify.swift */; };
		6D9FE53E2B8C2F760086C2CD /* AppModel+Client.swift in Sources */ = {isa = PBXBuildFile; fileRef = 6D9FE53D2B8C2F760086C2CD /* AppModel+Client.swift */; };
		6D9FE5402B8C31AD0086C2CD /* ModelContext+Client.swift in Sources */ = {isa = PBXBuildFile; fileRef = 6D9FE53F2B8C31AD0086C2CD /* ModelContext+Client.swift */; };
		6D9FE5422B8C32A70086C2CD /* Feature+Client.swift in Sources */ = {isa = PBXBuildFile; fileRef = 6D9FE5412B8C32A70086C2CD /* Feature+Client.swift */; };
		6DCA70182B87F10800A68B04 /* Acount+Client.swift in Sources */ = {isa = PBXBuildFile; fileRef = 6DCA70172B87F10800A68B04 /* Acount+Client.swift */; };
		6DCA701A2B87F9F200A68B04 /* +shared.swift in Sources */ = {isa = PBXBuildFile; fileRef = 6DCA70192B87F9F200A68B04 /* +shared.swift */; };
		6DD791D82B8CF29B002BA788 /* JetEmail-Foundation in Frameworks */ = {isa = PBXBuildFile; productRef = 6DD791D72B8CF29B002BA788 /* JetEmail-Foundation */; };
		6DD792B12B8D16F4002BA788 /* Google in Frameworks */ = {isa = PBXBuildFile; productRef = 6DD792B02B8D16F4002BA788 /* Google */; };
		6DD792B52B8D16F4002BA788 /* Microsoft in Frameworks */ = {isa = PBXBuildFile; productRef = 6DD792B42B8D16F4002BA788 /* Microsoft */; };
		6DD793D82B8D5104002BA788 /* MSAL in Frameworks */ = {isa = PBXBuildFile; productRef = 6DD793D72B8D5104002BA788 /* MSAL */; };
		6DDEBDE32B8AED3E007B1692 /* Preview Assets.xcassets in Resources */ = {isa = PBXBuildFile; fileRef = 6DDEBDE22B8AED3E007B1692 /* Preview Assets.xcassets */; };
		6DDEBE0E2B8AFB78007B1692 /* Message+Client.swift in Sources */ = {isa = PBXBuildFile; fileRef = 6DDEBE0D2B8AFB78007B1692 /* Message+Client.swift */; };
		6DDEBE1A2B8BDC3B007B1692 /* ID.swift in Sources */ = {isa = PBXBuildFile; fileRef = 6DDEBE192B8BDC3B007B1692 /* ID.swift */; };
		6DDEBE1C2B8BE3D9007B1692 /* deprecated_Google+Message+.swift in Sources */ = {isa = PBXBuildFile; fileRef = 6DDEBE1B2B8BE3D9007B1692 /* deprecated_Google+Message+.swift */; };
		6DE002412B7E654900E7648B /* ID+Client.swift in Sources */ = {isa = PBXBuildFile; fileRef = 6DE002402B7E654900E7648B /* ID+Client.swift */; };
		6DE002452B7EF2F300E7648B /* AppItemModel.swift in Sources */ = {isa = PBXBuildFile; fileRef = 6DE002442B7EF2F300E7648B /* AppItemModel.swift */; };
		6DE002482B7F0ED800E7648B /* ViewModels+.swift in Sources */ = {isa = PBXBuildFile; fileRef = 6DE002472B7F0ED800E7648B /* ViewModels+.swift */; };
		6DEF40AB2B6B621500B7AA68 /* SettingsModel.swift in Sources */ = {isa = PBXBuildFile; fileRef = 6DEF40AA2B6B621500B7AA68 /* SettingsModel.swift */; };
		6DEF40AF2B6B6BC000B7AA68 /* SetingsView.swift in Sources */ = {isa = PBXBuildFile; fileRef = 6DEF40AE2B6B6BC000B7AA68 /* SetingsView.swift */; };
		6DF128E32B86F5D1003FC779 /* Session.swift in Sources */ = {isa = PBXBuildFile; fileRef = 6DF128E22B86F5D1003FC779 /* Session.swift */; };
		6DF128E52B8711FC003FC779 /* Feature+.swift in Sources */ = {isa = PBXBuildFile; fileRef = 6DF128E42B8711FC003FC779 /* Feature+.swift */; };
/* End PBXBuildFile section */

/* Begin PBXCopyFilesBuildPhase section */
		6DD793D92B8D51A3002BA788 /* CopyFiles */ = {
			isa = PBXCopyFilesBuildPhase;
			buildActionMask = 8;
			dstPath = "";
			dstSubfolderSpec = 0;
			files = (
			);
			runOnlyForDeploymentPostprocessing = 1;
		};
/* End PBXCopyFilesBuildPhase section */

/* Begin PBXFileReference section */
		6D0533F22B7C2A830085EDEC /* ViewModifier.swift */ = {isa = PBXFileReference; lastKnownFileType = sourcecode.swift; path = ViewModifier.swift; sourceTree = "<group>"; };
		6D0533F72B7C2FE70085EDEC /* MessageList.swift */ = {isa = PBXFileReference; fileEncoding = 4; lastKnownFileType = sourcecode.swift; path = MessageList.swift; sourceTree = "<group>"; };
		6D0534032B7CE6510085EDEC /* GeneralTab.swift */ = {isa = PBXFileReference; lastKnownFileType = sourcecode.swift; path = GeneralTab.swift; sourceTree = "<group>"; };
		6D0534052B7CEB500085EDEC /* RefreshButton.swift */ = {isa = PBXFileReference; lastKnownFileType = sourcecode.swift; path = RefreshButton.swift; sourceTree = "<group>"; };
		6D0534072B7D47A20085EDEC /* AccountList.swift */ = {isa = PBXFileReference; lastKnownFileType = sourcecode.swift; path = AccountList.swift; sourceTree = "<group>"; };
		6D0534092B7D47D90085EDEC /* AccountCell.swift */ = {isa = PBXFileReference; lastKnownFileType = sourcecode.swift; path = AccountCell.swift; sourceTree = "<group>"; };
		6D05340B2B7D48000085EDEC /* AccountView.swift */ = {isa = PBXFileReference; lastKnownFileType = sourcecode.swift; path = AccountView.swift; sourceTree = "<group>"; };
		6D05340F2B7D529F0085EDEC /* MessageCell.swift */ = {isa = PBXFileReference; lastKnownFileType = sourcecode.swift; path = MessageCell.swift; sourceTree = "<group>"; };
		6D0534122B7D533E0085EDEC /* AccountListToolBar.swift */ = {isa = PBXFileReference; lastKnownFileType = sourcecode.swift; path = AccountListToolBar.swift; sourceTree = "<group>"; };
		6D0534182B7D709D0085EDEC /* SplitView.swift */ = {isa = PBXFileReference; lastKnownFileType = sourcecode.swift; path = SplitView.swift; sourceTree = "<group>"; };
		6D05341E2B7DA35B0085EDEC /* AccountSectionHeader.swift */ = {isa = PBXFileReference; lastKnownFileType = sourcecode.swift; path = AccountSectionHeader.swift; sourceTree = "<group>"; };
		6D0534222B7DB1730085EDEC /* MailFolderCell.swift */ = {isa = PBXFileReference; lastKnownFileType = sourcecode.swift; path = MailFolderCell.swift; sourceTree = "<group>"; };
		6D0534252B7DC1910085EDEC /* MessageListToolBar.swift */ = {isa = PBXFileReference; fileEncoding = 4; lastKnownFileType = sourcecode.swift; path = MessageListToolBar.swift; sourceTree = "<group>"; };
		6D0534272B7DDCBB0085EDEC /* Error.swift */ = {isa = PBXFileReference; lastKnownFileType = sourcecode.swift; path = Error.swift; sourceTree = "<group>"; };
		6D2177A92B8D7A8700C41C1C /* Info.plist */ = {isa = PBXFileReference; lastKnownFileType = text.plist.xml; path = Info.plist; sourceTree = "<group>"; };
		6D21BD622B6CDCEE00FF6FDB /* MailWindowModel.swift */ = {isa = PBXFileReference; lastKnownFileType = sourcecode.swift; path = MailWindowModel.swift; sourceTree = "<group>"; };
		6D3191932B7151930027DB5A /* Localizable.xcstrings */ = {isa = PBXFileReference; lastKnownFileType = text.json.xcstrings; path = Localizable.xcstrings; sourceTree = "<group>"; };
		6D3F9B302B81B1B6008F3745 /* JetEmail.entitlements */ = {isa = PBXFileReference; lastKnownFileType = text.plist.entitlements; path = JetEmail.entitlements; sourceTree = "<group>"; };
		6D3F9B312B81FBF6008F3745 /* deprecated.swift */ = {isa = PBXFileReference; lastKnownFileType = sourcecode.swift; path = deprecated.swift; sourceTree = "<group>"; };
		6D3F9E1D2B83197A008F3745 /* deprecated_Google+.swift */ = {isa = PBXFileReference; fileEncoding = 4; lastKnownFileType = sourcecode.swift; path = "deprecated_Google+.swift"; sourceTree = "<group>"; };
		6D50502D2B6C206500253783 /* JSON.swift */ = {isa = PBXFileReference; lastKnownFileType = sourcecode.swift; path = JSON.swift; sourceTree = "<group>"; };
		6D50502F2B6C458600253783 /* TargetFolderPaths.swift */ = {isa = PBXFileReference; lastKnownFileType = sourcecode.swift; path = TargetFolderPaths.swift; sourceTree = "<group>"; };
		6D5050312B6C99D800253783 /* HStack.swift */ = {isa = PBXFileReference; lastKnownFileType = sourcecode.swift; path = HStack.swift; sourceTree = "<group>"; };
		6D582E732B6AFAA4007864EC /* VC.swift */ = {isa = PBXFileReference; lastKnownFileType = sourcecode.swift; path = VC.swift; sourceTree = "<group>"; };
		6D582E772B6B2875007864EC /* CombineContext.swift */ = {isa = PBXFileReference; lastKnownFileType = sourcecode.swift; path = CombineContext.swift; sourceTree = "<group>"; };
		6D582E792B6B291D007864EC /* AccountsTab.swift */ = {isa = PBXFileReference; lastKnownFileType = sourcecode.swift; path = AccountsTab.swift; sourceTree = "<group>"; };
		6D63E1AD2B686F04006E555B /* JetEmail.app */ = {isa = PBXFileReference; explicitFileType = wrapper.application; includeInIndex = 0; path = JetEmail.app; sourceTree = BUILT_PRODUCTS_DIR; };
		6D63E1B02B686F04006E555B /* JetEmailApp.swift */ = {isa = PBXFileReference; lastKnownFileType = sourcecode.swift; path = JetEmailApp.swift; sourceTree = "<group>"; };
		6D63E1B42B686F05006E555B /* Assets.xcassets */ = {isa = PBXFileReference; lastKnownFileType = folder.assetcatalog; path = Assets.xcassets; sourceTree = "<group>"; };
		6D703FB52B7ACD9A004F3FC2 /* Account.swift */ = {isa = PBXFileReference; lastKnownFileType = sourcecode.swift; path = Account.swift; sourceTree = "<group>"; };
		6D78FDB92B8944C000466C28 /* loadAccounts.swift */ = {isa = PBXFileReference; lastKnownFileType = sourcecode.swift; path = loadAccounts.swift; sourceTree = "<group>"; };
		6D78FDBB2B8944F200466C28 /* signIn.swift */ = {isa = PBXFileReference; lastKnownFileType = sourcecode.swift; path = signIn.swift; sourceTree = "<group>"; };
		6D78FDBD2B89451200466C28 /* signOut.swift */ = {isa = PBXFileReference; lastKnownFileType = sourcecode.swift; path = signOut.swift; sourceTree = "<group>"; };
		6D78FDBF2B89452E00466C28 /* loadMailFolders.swift */ = {isa = PBXFileReference; lastKnownFileType = sourcecode.swift; path = loadMailFolders.swift; sourceTree = "<group>"; };
		6D819BCB2B89C5C300C083C8 /* loadMessages.swift */ = {isa = PBXFileReference; lastKnownFileType = sourcecode.swift; path = loadMessages.swift; sourceTree = "<group>"; };
		6D819BCD2B89C65900C083C8 /* moveAccounts.swift */ = {isa = PBXFileReference; lastKnownFileType = sourcecode.swift; path = moveAccounts.swift; sourceTree = "<group>"; };
		6D819BEC2B8AC12C00C083C8 /* loadBody.swift */ = {isa = PBXFileReference; lastKnownFileType = sourcecode.swift; path = loadBody.swift; sourceTree = "<group>"; };
		6D86B7042B7B1C3E0001FFA2 /* AppModel.swift */ = {isa = PBXFileReference; lastKnownFileType = sourcecode.swift; path = AppModel.swift; sourceTree = "<group>"; };
		6D86B7142B7B2A480001FFA2 /* WebView.swift */ = {isa = PBXFileReference; fileEncoding = 4; lastKnownFileType = sourcecode.swift; path = WebView.swift; sourceTree = "<group>"; };
		6D86B7182B7B2B9C0001FFA2 /* ResultView.swift */ = {isa = PBXFileReference; lastKnownFileType = sourcecode.swift; path = ResultView.swift; sourceTree = "<group>"; };
		6D86B71C2B7B2EC30001FFA2 /* MailWindow.swift */ = {isa = PBXFileReference; fileEncoding = 4; lastKnownFileType = sourcecode.swift; path = MailWindow.swift; sourceTree = "<group>"; };
		6D86B71D2B7B2EC30001FFA2 /* AccountSection.swift */ = {isa = PBXFileReference; fileEncoding = 4; lastKnownFileType = sourcecode.swift; path = AccountSection.swift; sourceTree = "<group>"; };
		6D86B71E2B7B2EC30001FFA2 /* AccountSectionList.swift */ = {isa = PBXFileReference; fileEncoding = 4; lastKnownFileType = sourcecode.swift; path = AccountSectionList.swift; sourceTree = "<group>"; };
		6D86B71F2B7B2EC30001FFA2 /* MessageView.swift */ = {isa = PBXFileReference; fileEncoding = 4; lastKnownFileType = sourcecode.swift; path = MessageView.swift; sourceTree = "<group>"; };
		6D86B7252B7B3D1B0001FFA2 /* MailFolder.swift */ = {isa = PBXFileReference; lastKnownFileType = sourcecode.swift; path = MailFolder.swift; sourceTree = "<group>"; };
		6D86B7292B7B3E690001FFA2 /* Foundation.JSON.swift */ = {isa = PBXFileReference; lastKnownFileType = sourcecode.swift; path = Foundation.JSON.swift; sourceTree = "<group>"; };
		6D86B72B2B7B45AC0001FFA2 /* ModelContext+.swift */ = {isa = PBXFileReference; lastKnownFileType = sourcecode.swift; path = "ModelContext+.swift"; sourceTree = "<group>"; };
		6D86B72D2B7B61490001FFA2 /* Message.swift */ = {isa = PBXFileReference; lastKnownFileType = sourcecode.swift; path = Message.swift; sourceTree = "<group>"; };
		6D90574E2B742EC3009CBB45 /* classify.swift */ = {isa = PBXFileReference; lastKnownFileType = sourcecode.swift; path = classify.swift; sourceTree = "<group>"; };
		6D9FE53D2B8C2F760086C2CD /* AppModel+Client.swift */ = {isa = PBXFileReference; lastKnownFileType = sourcecode.swift; path = "AppModel+Client.swift"; sourceTree = "<group>"; };
		6D9FE53F2B8C31AD0086C2CD /* ModelContext+Client.swift */ = {isa = PBXFileReference; lastKnownFileType = sourcecode.swift; path = "ModelContext+Client.swift"; sourceTree = "<group>"; };
		6D9FE5412B8C32A70086C2CD /* Feature+Client.swift */ = {isa = PBXFileReference; lastKnownFileType = sourcecode.swift; path = "Feature+Client.swift"; sourceTree = "<group>"; };
		6DCA70172B87F10800A68B04 /* Acount+Client.swift */ = {isa = PBXFileReference; lastKnownFileType = sourcecode.swift; path = "Acount+Client.swift"; sourceTree = "<group>"; };
		6DCA70192B87F9F200A68B04 /* +shared.swift */ = {isa = PBXFileReference; lastKnownFileType = sourcecode.swift; path = "+shared.swift"; sourceTree = "<group>"; };
		6DDEBDE22B8AED3E007B1692 /* Preview Assets.xcassets */ = {isa = PBXFileReference; lastKnownFileType = folder.assetcatalog; path = "Preview Assets.xcassets"; sourceTree = "<group>"; };
		6DDEBE0D2B8AFB78007B1692 /* Message+Client.swift */ = {isa = PBXFileReference; lastKnownFileType = sourcecode.swift; path = "Message+Client.swift"; sourceTree = "<group>"; };
		6DDEBE192B8BDC3B007B1692 /* ID.swift */ = {isa = PBXFileReference; lastKnownFileType = sourcecode.swift; path = ID.swift; sourceTree = "<group>"; };
		6DDEBE1B2B8BE3D9007B1692 /* deprecated_Google+Message+.swift */ = {isa = PBXFileReference; lastKnownFileType = sourcecode.swift; path = "deprecated_Google+Message+.swift"; sourceTree = "<group>"; };
		6DE002402B7E654900E7648B /* ID+Client.swift */ = {isa = PBXFileReference; lastKnownFileType = sourcecode.swift; path = "ID+Client.swift"; sourceTree = "<group>"; };
		6DE002442B7EF2F300E7648B /* AppItemModel.swift */ = {isa = PBXFileReference; lastKnownFileType = sourcecode.swift; path = AppItemModel.swift; sourceTree = "<group>"; };
		6DE002472B7F0ED800E7648B /* ViewModels+.swift */ = {isa = PBXFileReference; lastKnownFileType = sourcecode.swift; path = "ViewModels+.swift"; sourceTree = "<group>"; };
		6DEF40AA2B6B621500B7AA68 /* SettingsModel.swift */ = {isa = PBXFileReference; lastKnownFileType = sourcecode.swift; path = SettingsModel.swift; sourceTree = "<group>"; };
		6DEF40AE2B6B6BC000B7AA68 /* SetingsView.swift */ = {isa = PBXFileReference; lastKnownFileType = sourcecode.swift; path = SetingsView.swift; sourceTree = "<group>"; };
		6DF128E22B86F5D1003FC779 /* Session.swift */ = {isa = PBXFileReference; lastKnownFileType = sourcecode.swift; path = Session.swift; sourceTree = "<group>"; };
		6DF128E42B8711FC003FC779 /* Feature+.swift */ = {isa = PBXFileReference; lastKnownFileType = sourcecode.swift; path = "Feature+.swift"; sourceTree = "<group>"; };
		6DFD40632B8C9E55000B66BD /* JetEmail-Core */ = {isa = PBXFileReference; lastKnownFileType = wrapper; path = "JetEmail-Core"; sourceTree = "<group>"; };
/* End PBXFileReference section */

/* Begin PBXFrameworksBuildPhase section */
		6D63E1AA2B686F04006E555B /* Frameworks */ = {
			isa = PBXFrameworksBuildPhase;
			buildActionMask = 2147483647;
			files = (
				6DD792B52B8D16F4002BA788 /* Microsoft in Frameworks */,
				6D90574D2B7401D5009CBB45 /* OpenAI in Frameworks */,
				6DD791D82B8CF29B002BA788 /* JetEmail-Foundation in Frameworks */,
				6D703FB12B7A20E9004F3FC2 /* ObservableUserDefault in Frameworks */,
				6D703FB32B7A20E9004F3FC2 /* ObservableUserDefaultClient in Frameworks */,
				6DD793D82B8D5104002BA788 /* MSAL in Frameworks */,
				6DD792B12B8D16F4002BA788 /* Google in Frameworks */,
			);
			runOnlyForDeploymentPostprocessing = 0;
		};
/* End PBXFrameworksBuildPhase section */

/* Begin PBXGroup section */
		6D0533F62B7C2FE70085EDEC /* MailFolder */ = {
			isa = PBXGroup;
			children = (
				6D0533F72B7C2FE70085EDEC /* MessageList.swift */,
				6D0534252B7DC1910085EDEC /* MessageListToolBar.swift */,
				6D0534222B7DB1730085EDEC /* MailFolderCell.swift */,
			);
			path = MailFolder;
			sourceTree = "<group>";
		};
		6D0534002B7C96970085EDEC /* Clients */ = {
			isa = PBXGroup;
			children = (
				6D9FE53D2B8C2F760086C2CD /* AppModel+Client.swift */,
				6DF128E22B86F5D1003FC779 /* Session.swift */,
				6DCA70172B87F10800A68B04 /* Acount+Client.swift */,
				6DE002402B7E654900E7648B /* ID+Client.swift */,
				6D9FE5412B8C32A70086C2CD /* Feature+Client.swift */,
				6DDEBE0D2B8AFB78007B1692 /* Message+Client.swift */,
				6D9FE53F2B8C31AD0086C2CD /* ModelContext+Client.swift */,
				6D3F9B312B81FBF6008F3745 /* deprecated.swift */,
				6DDEBE1B2B8BE3D9007B1692 /* deprecated_Google+Message+.swift */,
			);
			path = Clients;
			sourceTree = "<group>";
		};
		6D05341A2B7D72230085EDEC /* MailWindow */ = {
			isa = PBXGroup;
			children = (
				6D86B71C2B7B2EC30001FFA2 /* MailWindow.swift */,
			);
			path = MailWindow;
			sourceTree = "<group>";
		};
		6D05341B2B7D72D10085EDEC /* Message */ = {
			isa = PBXGroup;
			children = (
				6D05340F2B7D529F0085EDEC /* MessageCell.swift */,
				6D86B71F2B7B2EC30001FFA2 /* MessageView.swift */,
			);
			path = Message;
			sourceTree = "<group>";
		};
		6D05341C2B7D73700085EDEC /* Client */ = {
			isa = PBXGroup;
			children = (
				6D0534072B7D47A20085EDEC /* AccountList.swift */,
				6D0534122B7D533E0085EDEC /* AccountListToolBar.swift */,
				6D86B71E2B7B2EC30001FFA2 /* AccountSectionList.swift */,
			);
			path = Client;
			sourceTree = "<group>";
		};
		6D0534242B7DB5300085EDEC /* Others */ = {
			isa = PBXGroup;
			children = (
				6D582E732B6AFAA4007864EC /* VC.swift */,
				6D50502F2B6C458600253783 /* TargetFolderPaths.swift */,
				6D50502D2B6C206500253783 /* JSON.swift */,
				6D5050312B6C99D800253783 /* HStack.swift */,
			);
			path = Others;
			sourceTree = "<group>";
		};
		6D21BD612B6CDCD800FF6FDB /* AppModel */ = {
			isa = PBXGroup;
			children = (
				6D86B7042B7B1C3E0001FFA2 /* AppModel.swift */,
				6DE002442B7EF2F300E7648B /* AppItemModel.swift */,
			);
			path = AppModel;
			sourceTree = "<group>";
		};
		6D3F9B2F2B81AFD1008F3745 /* Resources */ = {
			isa = PBXGroup;
			children = (
				6D2177A92B8D7A8700C41C1C /* Info.plist */,
				6D3F9B302B81B1B6008F3745 /* JetEmail.entitlements */,
				6D3191932B7151930027DB5A /* Localizable.xcstrings */,
				6D63E1B42B686F05006E555B /* Assets.xcassets */,
				6DDEBDE12B8AED3E007B1692 /* Preview Content */,
			);
			path = Resources;
			sourceTree = "<group>";
		};
		6D3F9B732B829206008F3745 /* Frameworks */ = {
			isa = PBXGroup;
			children = (
			);
			name = Frameworks;
			sourceTree = "<group>";
		};
		6D63E1A42B686F04006E555B = {
			isa = PBXGroup;
			children = (
				6D63E1AF2B686F04006E555B /* Sources */,
				6D3F9B2F2B81AFD1008F3745 /* Resources */,
				6DFD40622B8C9E55000B66BD /* Packages */,
				6D3F9B732B829206008F3745 /* Frameworks */,
				6D63E1AE2B686F04006E555B /* Products */,
			);
			sourceTree = "<group>";
		};
		6D63E1AE2B686F04006E555B /* Products */ = {
			isa = PBXGroup;
			children = (
				6D63E1AD2B686F04006E555B /* JetEmail.app */,
			);
			name = Products;
			path = JetEmail;
			sourceTree = "<group>";
		};
		6D63E1AF2B686F04006E555B /* Sources */ = {
			isa = PBXGroup;
			children = (
				6D86B7072B7B29FD0001FFA2 /* Views */,
				6DE002462B7F0EC000E7648B /* ViewModels */,
				6D21BD612B6CDCD800FF6FDB /* AppModel */,
				6D703FB42B7ACD83004F3FC2 /* SwiftData */,
				6DE0024E2B80916000E7648B /* Features */,
				6D0534002B7C96970085EDEC /* Clients */,
				6D86B7172B7B2B920001FFA2 /* SwiftUISupport */,
				6D86B7282B7B3E5E0001FFA2 /* FoundationSupport */,
				6D0534242B7DB5300085EDEC /* Others */,
			);
			path = Sources;
			sourceTree = "<group>";
		};
		6D703FAE2B7A1E07004F3FC2 /* SettingsView */ = {
			isa = PBXGroup;
			children = (
				6DEF40AE2B6B6BC000B7AA68 /* SetingsView.swift */,
				6D0534032B7CE6510085EDEC /* GeneralTab.swift */,
				6D582E792B6B291D007864EC /* AccountsTab.swift */,
			);
			path = SettingsView;
			sourceTree = "<group>";
		};
		6D703FB42B7ACD83004F3FC2 /* SwiftData */ = {
			isa = PBXGroup;
			children = (
				6D703FB52B7ACD9A004F3FC2 /* Account.swift */,
				6D86B7252B7B3D1B0001FFA2 /* MailFolder.swift */,
				6D86B72D2B7B61490001FFA2 /* Message.swift */,
				6DDEBE192B8BDC3B007B1692 /* ID.swift */,
			);
			path = SwiftData;
			sourceTree = "<group>";
		};
		6D86B7072B7B29FD0001FFA2 /* Views */ = {
			isa = PBXGroup;
			children = (
				6D63E1B02B686F04006E555B /* JetEmailApp.swift */,
				6D703FAE2B7A1E07004F3FC2 /* SettingsView */,
				6D05341A2B7D72230085EDEC /* MailWindow */,
				6D05341C2B7D73700085EDEC /* Client */,
				6D86B71A2B7B2EC30001FFA2 /* Account */,
				6D0533F62B7C2FE70085EDEC /* MailFolder */,
				6D05341B2B7D72D10085EDEC /* Message */,
			);
			path = Views;
			sourceTree = "<group>";
		};
		6D86B7172B7B2B920001FFA2 /* SwiftUISupport */ = {
			isa = PBXGroup;
			children = (
				6D86B7142B7B2A480001FFA2 /* WebView.swift */,
				6D582E772B6B2875007864EC /* CombineContext.swift */,
				6D0533F22B7C2A830085EDEC /* ViewModifier.swift */,
				6D0534052B7CEB500085EDEC /* RefreshButton.swift */,
				6D86B7182B7B2B9C0001FFA2 /* ResultView.swift */,
				6D0534182B7D709D0085EDEC /* SplitView.swift */,
			);
			path = SwiftUISupport;
			sourceTree = "<group>";
		};
		6D86B71A2B7B2EC30001FFA2 /* Account */ = {
			isa = PBXGroup;
			children = (
				6D86B71D2B7B2EC30001FFA2 /* AccountSection.swift */,
				6D05341E2B7DA35B0085EDEC /* AccountSectionHeader.swift */,
				6D0534092B7D47D90085EDEC /* AccountCell.swift */,
				6D05340B2B7D48000085EDEC /* AccountView.swift */,
			);
			path = Account;
			sourceTree = "<group>";
		};
		6D86B7282B7B3E5E0001FFA2 /* FoundationSupport */ = {
			isa = PBXGroup;
			children = (
				6D86B7292B7B3E690001FFA2 /* Foundation.JSON.swift */,
				6D0534272B7DDCBB0085EDEC /* Error.swift */,
			);
			path = FoundationSupport;
			sourceTree = "<group>";
		};
		6DDEBDE12B8AED3E007B1692 /* Preview Content */ = {
			isa = PBXGroup;
			children = (
				6DDEBDE22B8AED3E007B1692 /* Preview Assets.xcassets */,
			);
			path = "Preview Content";
			sourceTree = "<group>";
		};
		6DE002462B7F0EC000E7648B /* ViewModels */ = {
			isa = PBXGroup;
			children = (
				6DEF40AA2B6B621500B7AA68 /* SettingsModel.swift */,
				6D21BD622B6CDCEE00FF6FDB /* MailWindowModel.swift */,
				6DE002472B7F0ED800E7648B /* ViewModels+.swift */,
			);
			path = ViewModels;
			sourceTree = "<group>";
		};
		6DE0024E2B80916000E7648B /* Features */ = {
			isa = PBXGroup;
			children = (
				6D78FDB92B8944C000466C28 /* loadAccounts.swift */,
				6D78FDBB2B8944F200466C28 /* signIn.swift */,
				6D78FDBD2B89451200466C28 /* signOut.swift */,
				6D819BCD2B89C65900C083C8 /* moveAccounts.swift */,
				6D78FDBF2B89452E00466C28 /* loadMailFolders.swift */,
				6D819BCB2B89C5C300C083C8 /* loadMessages.swift */,
				6D819BEC2B8AC12C00C083C8 /* loadBody.swift */,
				6D90574E2B742EC3009CBB45 /* classify.swift */,
				6DCA70192B87F9F200A68B04 /* +shared.swift */,
				6DF128E42B8711FC003FC779 /* Feature+.swift */,
				6D86B72B2B7B45AC0001FFA2 /* ModelContext+.swift */,
				6D3F9E1D2B83197A008F3745 /* deprecated_Google+.swift */,
			);
			path = Features;
			sourceTree = "<group>";
		};
		6DFD40622B8C9E55000B66BD /* Packages */ = {
			isa = PBXGroup;
			children = (
				6DFD40632B8C9E55000B66BD /* JetEmail-Core */,
			);
			path = Packages;
			sourceTree = "<group>";
		};
/* End PBXGroup section */

/* Begin PBXNativeTarget section */
		6D63E1AC2B686F04006E555B /* JetEmail */ = {
			isa = PBXNativeTarget;
			buildConfigurationList = 6D63E1BC2B686F05006E555B /* Build configuration list for PBXNativeTarget "JetEmail" */;
			buildPhases = (
				6D63E1A92B686F04006E555B /* Sources */,
				6D63E1AA2B686F04006E555B /* Frameworks */,
				6D63E1AB2B686F04006E555B /* Resources */,
				6DD793D92B8D51A3002BA788 /* CopyFiles */,
			);
			buildRules = (
			);
			dependencies = (
			);
			name = JetEmail;
			packageProductDependencies = (
				6D90574C2B7401D5009CBB45 /* OpenAI */,
				6D703FB02B7A20E9004F3FC2 /* ObservableUserDefault */,
				6D703FB22B7A20E9004F3FC2 /* ObservableUserDefaultClient */,
				6DD791D72B8CF29B002BA788 /* JetEmail-Foundation */,
				6DD792B02B8D16F4002BA788 /* Google */,
				6DD792B42B8D16F4002BA788 /* Microsoft */,
				6DD793D72B8D5104002BA788 /* MSAL */,
			);
			productName = JetEmail;
			productReference = 6D63E1AD2B686F04006E555B /* JetEmail.app */;
			productType = "com.apple.product-type.application";
		};
/* End PBXNativeTarget section */

/* Begin PBXProject section */
		6D63E1A52B686F04006E555B /* Project object */ = {
			isa = PBXProject;
			attributes = {
				BuildIndependentTargetsInParallel = 1;
				LastSwiftUpdateCheck = 1520;
				LastUpgradeCheck = 1520;
				TargetAttributes = {
					6D63E1AC2B686F04006E555B = {
						CreatedOnToolsVersion = 15.2;
					};
				};
			};
			buildConfigurationList = 6D63E1A82B686F04006E555B /* Build configuration list for PBXProject "JetEmail" */;
			compatibilityVersion = "Xcode 14.0";
			developmentRegion = en;
			hasScannedForEncodings = 0;
			knownRegions = (
				en,
				Base,
				"zh-Hans",
			);
			mainGroup = 6D63E1A42B686F04006E555B;
			packageReferences = (
				6D9057482B740131009CBB45 /* XCLocalSwiftPackageReference "../OpenAI" */,
				6D703FAF2B7A20E9004F3FC2 /* XCRemoteSwiftPackageReference "ObservableUserDefault" */,
				6DD792AF2B8D16F4002BA788 /* XCLocalSwiftPackageReference "Packages/JetEmail-Core" */,
			);
			productRefGroup = 6D63E1AE2B686F04006E555B /* Products */;
			projectDirPath = "";
			projectRoot = "";
			targets = (
				6D63E1AC2B686F04006E555B /* JetEmail */,
			);
		};
/* End PBXProject section */

/* Begin PBXResourcesBuildPhase section */
		6D63E1AB2B686F04006E555B /* Resources */ = {
			isa = PBXResourcesBuildPhase;
			buildActionMask = 2147483647;
			files = (
				6D63E1B52B686F05006E555B /* Assets.xcassets in Resources */,
				6DDEBDE32B8AED3E007B1692 /* Preview Assets.xcassets in Resources */,
				6D3191942B7151930027DB5A /* Localizable.xcstrings in Resources */,
			);
			runOnlyForDeploymentPostprocessing = 0;
		};
/* End PBXResourcesBuildPhase section */

/* Begin PBXSourcesBuildPhase section */
		6D63E1A92B686F04006E555B /* Sources */ = {
			isa = PBXSourcesBuildPhase;
			buildActionMask = 2147483647;
			files = (
				6D78FDBE2B89451200466C28 /* signOut.swift in Sources */,
				6D582E7A2B6B291D007864EC /* AccountsTab.swift in Sources */,
				6D3F9E1C2B830EA9008F3745 /* AppModel.swift in Sources */,
				6DE002412B7E654900E7648B /* ID+Client.swift in Sources */,
				6D0534102B7D529F0085EDEC /* MessageCell.swift in Sources */,
				6D819BED2B8AC12C00C083C8 /* loadBody.swift in Sources */,
				6D9FE5422B8C32A70086C2CD /* Feature+Client.swift in Sources */,
				6D9FE53E2B8C2F760086C2CD /* AppModel+Client.swift in Sources */,
				6DDEBE1A2B8BDC3B007B1692 /* ID.swift in Sources */,
				6D05341F2B7DA35B0085EDEC /* AccountSectionHeader.swift in Sources */,
				6D50502E2B6C206500253783 /* JSON.swift in Sources */,
				6D0534132B7D533E0085EDEC /* AccountListToolBar.swift in Sources */,
				6D86B72E2B7B61490001FFA2 /* Message.swift in Sources */,
				6D0533F82B7C2FE70085EDEC /* MessageList.swift in Sources */,
				6DE002452B7EF2F300E7648B /* AppItemModel.swift in Sources */,
				6D582E782B6B2875007864EC /* CombineContext.swift in Sources */,
				6D3F9B322B81FBF6008F3745 /* deprecated.swift in Sources */,
				6DF128E52B8711FC003FC779 /* Feature+.swift in Sources */,
				6D0534262B7DC1910085EDEC /* MessageListToolBar.swift in Sources */,
				6D86B7262B7B3D1B0001FFA2 /* MailFolder.swift in Sources */,
				6DDEBE0E2B8AFB78007B1692 /* Message+Client.swift in Sources */,
				6D78FDBC2B8944F200466C28 /* signIn.swift in Sources */,
				6D90574F2B742EC3009CBB45 /* classify.swift in Sources */,
				6DDEBE1C2B8BE3D9007B1692 /* deprecated_Google+Message+.swift in Sources */,
				6D0534232B7DB1730085EDEC /* MailFolderCell.swift in Sources */,
				6D0534042B7CE6510085EDEC /* GeneralTab.swift in Sources */,
				6DEF40AF2B6B6BC000B7AA68 /* SetingsView.swift in Sources */,
				6D0534062B7CEB500085EDEC /* RefreshButton.swift in Sources */,
				6D63E1B12B686F04006E555B /* JetEmailApp.swift in Sources */,
				6D78FDC02B89452E00466C28 /* loadMailFolders.swift in Sources */,
				6DE002482B7F0ED800E7648B /* ViewModels+.swift in Sources */,
				6D3F9E1E2B83197A008F3745 /* deprecated_Google+.swift in Sources */,
				6D86B72C2B7B45AC0001FFA2 /* ModelContext+.swift in Sources */,
				6DCA70182B87F10800A68B04 /* Acount+Client.swift in Sources */,
				6D86B7192B7B2B9C0001FFA2 /* ResultView.swift in Sources */,
				6D0534082B7D47A20085EDEC /* AccountList.swift in Sources */,
				6D0533F32B7C2A830085EDEC /* ViewModifier.swift in Sources */,
				6D78FDBA2B8944C000466C28 /* loadAccounts.swift in Sources */,
				6DF128E32B86F5D1003FC779 /* Session.swift in Sources */,
				6D86B7232B7B2EC30001FFA2 /* AccountSectionList.swift in Sources */,
				6D05340A2B7D47D90085EDEC /* AccountCell.swift in Sources */,
				6D9FE5402B8C31AD0086C2CD /* ModelContext+Client.swift in Sources */,
				6D86B7242B7B2EC30001FFA2 /* MessageView.swift in Sources */,
				6D21BD632B6CDCEE00FF6FDB /* MailWindowModel.swift in Sources */,
				6D86B7152B7B2A480001FFA2 /* WebView.swift in Sources */,
				6D819BCC2B89C5C300C083C8 /* loadMessages.swift in Sources */,
				6D86B7222B7B2EC30001FFA2 /* AccountSection.swift in Sources */,
				6D0534282B7DDCBB0085EDEC /* Error.swift in Sources */,
				6D0534192B7D709D0085EDEC /* SplitView.swift in Sources */,
				6D5050302B6C458600253783 /* TargetFolderPaths.swift in Sources */,
				6D819BCE2B89C65900C083C8 /* moveAccounts.swift in Sources */,
				6D86B7212B7B2EC30001FFA2 /* MailWindow.swift in Sources */,
				6D5050322B6C99D800253783 /* HStack.swift in Sources */,
				6D05340C2B7D48000085EDEC /* AccountView.swift in Sources */,
				6D703FB62B7ACD9A004F3FC2 /* Account.swift in Sources */,
				6DEF40AB2B6B621500B7AA68 /* SettingsModel.swift in Sources */,
				6D582E742B6AFAA4007864EC /* VC.swift in Sources */,
				6DCA701A2B87F9F200A68B04 /* +shared.swift in Sources */,
				6D86B72A2B7B3E690001FFA2 /* Foundation.JSON.swift in Sources */,
			);
			runOnlyForDeploymentPostprocessing = 0;
		};
/* End PBXSourcesBuildPhase section */

/* Begin XCBuildConfiguration section */
		6D63E1BA2B686F05006E555B /* Debug */ = {
			isa = XCBuildConfiguration;
			buildSettings = {
				ALWAYS_SEARCH_USER_PATHS = NO;
				ASSETCATALOG_COMPILER_GENERATE_SWIFT_ASSET_SYMBOL_EXTENSIONS = YES;
				CLANG_ANALYZER_LOCALIZABILITY_NONLOCALIZED = YES;
				CLANG_ANALYZER_NONNULL = YES;
				CLANG_ANALYZER_NUMBER_OBJECT_CONVERSION = YES_AGGRESSIVE;
				CLANG_CXX_LANGUAGE_STANDARD = "gnu++20";
				CLANG_ENABLE_MODULES = YES;
				CLANG_ENABLE_OBJC_ARC = YES;
				CLANG_ENABLE_OBJC_WEAK = YES;
				CLANG_WARN_BLOCK_CAPTURE_AUTORELEASING = YES;
				CLANG_WARN_BOOL_CONVERSION = YES;
				CLANG_WARN_COMMA = YES;
				CLANG_WARN_CONSTANT_CONVERSION = YES;
				CLANG_WARN_DEPRECATED_OBJC_IMPLEMENTATIONS = YES;
				CLANG_WARN_DIRECT_OBJC_ISA_USAGE = YES_ERROR;
				CLANG_WARN_DOCUMENTATION_COMMENTS = YES;
				CLANG_WARN_EMPTY_BODY = YES;
				CLANG_WARN_ENUM_CONVERSION = YES;
				CLANG_WARN_INFINITE_RECURSION = YES;
				CLANG_WARN_INT_CONVERSION = YES;
				CLANG_WARN_NON_LITERAL_NULL_CONVERSION = YES;
				CLANG_WARN_OBJC_IMPLICIT_RETAIN_SELF = YES;
				CLANG_WARN_OBJC_LITERAL_CONVERSION = YES;
				CLANG_WARN_OBJC_ROOT_CLASS = YES_ERROR;
				CLANG_WARN_QUOTED_INCLUDE_IN_FRAMEWORK_HEADER = YES;
				CLANG_WARN_RANGE_LOOP_ANALYSIS = YES;
				CLANG_WARN_STRICT_PROTOTYPES = YES;
				CLANG_WARN_SUSPICIOUS_MOVE = YES;
				CLANG_WARN_UNGUARDED_AVAILABILITY = YES_AGGRESSIVE;
				CLANG_WARN_UNREACHABLE_CODE = YES;
				CLANG_WARN__DUPLICATE_METHOD_MATCH = YES;
				COPY_PHASE_STRIP = NO;
				DEBUG_INFORMATION_FORMAT = dwarf;
				ENABLE_STRICT_OBJC_MSGSEND = YES;
				ENABLE_TESTABILITY = YES;
				ENABLE_USER_SCRIPT_SANDBOXING = YES;
				GCC_C_LANGUAGE_STANDARD = gnu17;
				GCC_DYNAMIC_NO_PIC = NO;
				GCC_NO_COMMON_BLOCKS = YES;
				GCC_OPTIMIZATION_LEVEL = 0;
				GCC_PREPROCESSOR_DEFINITIONS = (
					"DEBUG=1",
					"$(inherited)",
				);
				GCC_WARN_64_TO_32_BIT_CONVERSION = YES;
				GCC_WARN_ABOUT_RETURN_TYPE = YES_ERROR;
				GCC_WARN_UNDECLARED_SELECTOR = YES;
				GCC_WARN_UNINITIALIZED_AUTOS = YES_AGGRESSIVE;
				GCC_WARN_UNUSED_FUNCTION = YES;
				GCC_WARN_UNUSED_VARIABLE = YES;
				IPHONEOS_DEPLOYMENT_TARGET = 17.0;
				LOCALIZATION_PREFERS_STRING_CATALOGS = YES;
				MACOSX_DEPLOYMENT_TARGET = 14.0;
				MTL_ENABLE_DEBUG_INFO = INCLUDE_SOURCE;
				MTL_FAST_MATH = YES;
				ONLY_ACTIVE_ARCH = YES;
				SWIFT_ACTIVE_COMPILATION_CONDITIONS = "DEBUG $(inherited)";
				SWIFT_OPTIMIZATION_LEVEL = "-Onone";
				XROS_DEPLOYMENT_TARGET = 1.0;
			};
			name = Debug;
		};
		6D63E1BB2B686F05006E555B /* Release */ = {
			isa = XCBuildConfiguration;
			buildSettings = {
				ALWAYS_SEARCH_USER_PATHS = NO;
				ASSETCATALOG_COMPILER_GENERATE_SWIFT_ASSET_SYMBOL_EXTENSIONS = YES;
				CLANG_ANALYZER_LOCALIZABILITY_NONLOCALIZED = YES;
				CLANG_ANALYZER_NONNULL = YES;
				CLANG_ANALYZER_NUMBER_OBJECT_CONVERSION = YES_AGGRESSIVE;
				CLANG_CXX_LANGUAGE_STANDARD = "gnu++20";
				CLANG_ENABLE_MODULES = YES;
				CLANG_ENABLE_OBJC_ARC = YES;
				CLANG_ENABLE_OBJC_WEAK = YES;
				CLANG_WARN_BLOCK_CAPTURE_AUTORELEASING = YES;
				CLANG_WARN_BOOL_CONVERSION = YES;
				CLANG_WARN_COMMA = YES;
				CLANG_WARN_CONSTANT_CONVERSION = YES;
				CLANG_WARN_DEPRECATED_OBJC_IMPLEMENTATIONS = YES;
				CLANG_WARN_DIRECT_OBJC_ISA_USAGE = YES_ERROR;
				CLANG_WARN_DOCUMENTATION_COMMENTS = YES;
				CLANG_WARN_EMPTY_BODY = YES;
				CLANG_WARN_ENUM_CONVERSION = YES;
				CLANG_WARN_INFINITE_RECURSION = YES;
				CLANG_WARN_INT_CONVERSION = YES;
				CLANG_WARN_NON_LITERAL_NULL_CONVERSION = YES;
				CLANG_WARN_OBJC_IMPLICIT_RETAIN_SELF = YES;
				CLANG_WARN_OBJC_LITERAL_CONVERSION = YES;
				CLANG_WARN_OBJC_ROOT_CLASS = YES_ERROR;
				CLANG_WARN_QUOTED_INCLUDE_IN_FRAMEWORK_HEADER = YES;
				CLANG_WARN_RANGE_LOOP_ANALYSIS = YES;
				CLANG_WARN_STRICT_PROTOTYPES = YES;
				CLANG_WARN_SUSPICIOUS_MOVE = YES;
				CLANG_WARN_UNGUARDED_AVAILABILITY = YES_AGGRESSIVE;
				CLANG_WARN_UNREACHABLE_CODE = YES;
				CLANG_WARN__DUPLICATE_METHOD_MATCH = YES;
				COPY_PHASE_STRIP = NO;
				DEBUG_INFORMATION_FORMAT = "dwarf-with-dsym";
				ENABLE_NS_ASSERTIONS = NO;
				ENABLE_STRICT_OBJC_MSGSEND = YES;
				ENABLE_USER_SCRIPT_SANDBOXING = YES;
				GCC_C_LANGUAGE_STANDARD = gnu17;
				GCC_NO_COMMON_BLOCKS = YES;
				GCC_WARN_64_TO_32_BIT_CONVERSION = YES;
				GCC_WARN_ABOUT_RETURN_TYPE = YES_ERROR;
				GCC_WARN_UNDECLARED_SELECTOR = YES;
				GCC_WARN_UNINITIALIZED_AUTOS = YES_AGGRESSIVE;
				GCC_WARN_UNUSED_FUNCTION = YES;
				GCC_WARN_UNUSED_VARIABLE = YES;
				IPHONEOS_DEPLOYMENT_TARGET = 17.0;
				LOCALIZATION_PREFERS_STRING_CATALOGS = YES;
				MACOSX_DEPLOYMENT_TARGET = 14.0;
				MTL_ENABLE_DEBUG_INFO = NO;
				MTL_FAST_MATH = YES;
				SWIFT_COMPILATION_MODE = wholemodule;
				VALIDATE_PRODUCT = YES;
				XROS_DEPLOYMENT_TARGET = 1.0;
			};
			name = Release;
		};
		6D63E1BD2B686F05006E555B /* Debug */ = {
			isa = XCBuildConfiguration;
			buildSettings = {
				ASSETCATALOG_COMPILER_APPICON_NAME = AppIcon;
				ASSETCATALOG_COMPILER_GLOBAL_ACCENT_COLOR_NAME = AccentColor;
				CODE_SIGN_ENTITLEMENTS = Resources/JetEmail.entitlements;
				CODE_SIGN_STYLE = Automatic;
				COMBINE_HIDPI_IMAGES = YES;
				CURRENT_PROJECT_VERSION = 1;
				DEVELOPMENT_ASSET_PATHS = "\"Resources/Preview Content\"";
				DEVELOPMENT_TEAM = ED72FQVT6C;
				ENABLE_HARDENED_RUNTIME = YES;
				ENABLE_PREVIEWS = YES;
				GENERATE_INFOPLIST_FILE = YES;
				INFOPLIST_FILE = Resources/Info.plist;
				INFOPLIST_KEY_NSHumanReadableCopyright = "";
				IPHONEOS_DEPLOYMENT_TARGET = 17.0;
				LD_RUNPATH_SEARCH_PATHS = (
					"$(inherited)",
					"@executable_path/../Frameworks",
					"@executable_path/Frameworks",
				);
				MARKETING_VERSION = 1.0;
				PRODUCT_BUNDLE_IDENTIFIER = "me.frogcjn.jet-email";
				PRODUCT_NAME = "$(TARGET_NAME)";
				SUPPORTED_PLATFORMS = "xrsimulator xros iphonesimulator iphoneos macosx";
				SUPPORTS_MACCATALYST = NO;
				SWIFT_EMIT_LOC_STRINGS = YES;
				SWIFT_VERSION = 5.0;
				TARGETED_DEVICE_FAMILY = "1,2,6,7";
			};
			name = Debug;
		};
		6D63E1BE2B686F05006E555B /* Release */ = {
			isa = XCBuildConfiguration;
			buildSettings = {
				ASSETCATALOG_COMPILER_APPICON_NAME = AppIcon;
				ASSETCATALOG_COMPILER_GLOBAL_ACCENT_COLOR_NAME = AccentColor;
				CODE_SIGN_ENTITLEMENTS = Resources/JetEmail.entitlements;
				CODE_SIGN_STYLE = Automatic;
				COMBINE_HIDPI_IMAGES = YES;
				CURRENT_PROJECT_VERSION = 1;
				DEVELOPMENT_ASSET_PATHS = "\"Resources/Preview Content\"";
				DEVELOPMENT_TEAM = ED72FQVT6C;
				ENABLE_HARDENED_RUNTIME = YES;
				ENABLE_PREVIEWS = YES;
				GENERATE_INFOPLIST_FILE = YES;
				INFOPLIST_FILE = Resources/Info.plist;
				INFOPLIST_KEY_NSHumanReadableCopyright = "";
				IPHONEOS_DEPLOYMENT_TARGET = 17.0;
				LD_RUNPATH_SEARCH_PATHS = (
					"$(inherited)",
					"@executable_path/../Frameworks",
					"@executable_path/Frameworks",
				);
				MARKETING_VERSION = 1.0;
				PRODUCT_BUNDLE_IDENTIFIER = "me.frogcjn.jet-email";
				PRODUCT_NAME = "$(TARGET_NAME)";
				SUPPORTED_PLATFORMS = "xrsimulator xros iphonesimulator iphoneos macosx";
				SUPPORTS_MACCATALYST = NO;
				SWIFT_EMIT_LOC_STRINGS = YES;
				SWIFT_VERSION = 5.0;
				TARGETED_DEVICE_FAMILY = "1,2,6,7";
			};
			name = Release;
		};
/* End XCBuildConfiguration section */

/* Begin XCConfigurationList section */
		6D63E1A82B686F04006E555B /* Build configuration list for PBXProject "JetEmail" */ = {
			isa = XCConfigurationList;
			buildConfigurations = (
				6D63E1BA2B686F05006E555B /* Debug */,
				6D63E1BB2B686F05006E555B /* Release */,
			);
			defaultConfigurationIsVisible = 0;
			defaultConfigurationName = Release;
		};
		6D63E1BC2B686F05006E555B /* Build configuration list for PBXNativeTarget "JetEmail" */ = {
			isa = XCConfigurationList;
			buildConfigurations = (
				6D63E1BD2B686F05006E555B /* Debug */,
				6D63E1BE2B686F05006E555B /* Release */,
			);
			defaultConfigurationIsVisible = 0;
			defaultConfigurationName = Release;
		};
/* End XCConfigurationList section */

/* Begin XCLocalSwiftPackageReference section */
		6D9057482B740131009CBB45 /* XCLocalSwiftPackageReference "../OpenAI" */ = {
			isa = XCLocalSwiftPackageReference;
			relativePath = ../OpenAI;
		};
		6DD792AF2B8D16F4002BA788 /* XCLocalSwiftPackageReference "Packages/JetEmail-Core" */ = {
			isa = XCLocalSwiftPackageReference;
			relativePath = "Packages/JetEmail-Core";
		};
/* End XCLocalSwiftPackageReference section */

/* Begin XCRemoteSwiftPackageReference section */
		6D703FAF2B7A20E9004F3FC2 /* XCRemoteSwiftPackageReference "ObservableUserDefault" */ = {
			isa = XCRemoteSwiftPackageReference;
			repositoryURL = "https://github.com/davidsteppenbeck/ObservableUserDefault";
			requirement = {
				kind = upToNextMajorVersion;
				minimumVersion = 1.2.0;
			};
		};
/* End XCRemoteSwiftPackageReference section */

/* Begin XCSwiftPackageProductDependency section */
		6D703FB02B7A20E9004F3FC2 /* ObservableUserDefault */ = {
			isa = XCSwiftPackageProductDependency;
			package = 6D703FAF2B7A20E9004F3FC2 /* XCRemoteSwiftPackageReference "ObservableUserDefault" */;
			productName = ObservableUserDefault;
		};
		6D703FB22B7A20E9004F3FC2 /* ObservableUserDefaultClient */ = {
			isa = XCSwiftPackageProductDependency;
			package = 6D703FAF2B7A20E9004F3FC2 /* XCRemoteSwiftPackageReference "ObservableUserDefault" */;
			productName = ObservableUserDefaultClient;
		};
		6D90574C2B7401D5009CBB45 /* OpenAI */ = {
			isa = XCSwiftPackageProductDependency;
			package = 6D9057482B740131009CBB45 /* XCLocalSwiftPackageReference "../OpenAI" */;
			productName = OpenAI;
		};
		6DD791D72B8CF29B002BA788 /* JetEmail-Foundation */ = {
			isa = XCSwiftPackageProductDependency;
			productName = "JetEmail-Foundation";
		};
		6DD792B02B8D16F4002BA788 /* Google */ = {
			isa = XCSwiftPackageProductDependency;
			productName = Google;
		};
		6DD792B42B8D16F4002BA788 /* Microsoft */ = {
			isa = XCSwiftPackageProductDependency;
			productName = Microsoft;
		};
		6DD793D72B8D5104002BA788 /* MSAL */ = {
			isa = XCSwiftPackageProductDependency;
			productName = MSAL;
		};
/* End XCSwiftPackageProductDependency section */
	};
	rootObject = 6D63E1A52B686F04006E555B /* Project object */;
}
