// !$*UTF8*$!
{
	archiveVersion = 1;
	classes = {
	};
	objectVersion = 60;
	objects = {

/* Begin PBXBuildFile section */
		6D0533F32B7C2A830085EDEC /* ViewModifier.swift in Sources */ = {isa = PBXBuildFile; fileRef = 6D0533F22B7C2A830085EDEC /* ViewModifier.swift */; };
		6D0533F82B7C2FE70085EDEC /* MessageList.swift in Sources */ = {isa = PBXBuildFile; fileRef = 6D0533F72B7C2FE70085EDEC /* MessageList.swift */; };
		6D0534042B7CE6510085EDEC /* GeneralTab.swift in Sources */ = {isa = PBXBuildFile; fileRef = 6D0534032B7CE6510085EDEC /* GeneralTab.swift */; };
		6D0534062B7CEB500085EDEC /* RefreshButton.swift in Sources */ = {isa = PBXBuildFile; fileRef = 6D0534052B7CEB500085EDEC /* RefreshButton.swift */; };
		6D0534082B7D47A20085EDEC /* AccountList.swift in Sources */ = {isa = PBXBuildFile; fileRef = 6D0534072B7D47A20085EDEC /* AccountList.swift */; };
		6D05340A2B7D47D90085EDEC /* AccountCell.swift in Sources */ = {isa = PBXBuildFile; fileRef = 6D0534092B7D47D90085EDEC /* AccountCell.swift */; };
		6D05340C2B7D48000085EDEC /* AccountView.swift in Sources */ = {isa = PBXBuildFile; fileRef = 6D05340B2B7D48000085EDEC /* AccountView.swift */; };
		6D0534102B7D529F0085EDEC /* MessageCell.swift in Sources */ = {isa = PBXBuildFile; fileRef = 6D05340F2B7D529F0085EDEC /* MessageCell.swift */; };
		6D0534132B7D533E0085EDEC /* AccountListToolBar.swift in Sources */ = {isa = PBXBuildFile; fileRef = 6D0534122B7D533E0085EDEC /* AccountListToolBar.swift */; };
		6D0534192B7D709D0085EDEC /* SplitView.swift in Sources */ = {isa = PBXBuildFile; fileRef = 6D0534182B7D709D0085EDEC /* SplitView.swift */; };
		6D05341F2B7DA35B0085EDEC /* AccountSectionHeader.swift in Sources */ = {isa = PBXBuildFile; fileRef = 6D05341E2B7DA35B0085EDEC /* AccountSectionHeader.swift */; };
		6D0534232B7DB1730085EDEC /* MailFolderCell.swift in Sources */ = {isa = PBXBuildFile; fileRef = 6D0534222B7DB1730085EDEC /* MailFolderCell.swift */; };
		6D0534262B7DC1910085EDEC /* MessageListToolBar.swift in Sources */ = {isa = PBXBuildFile; fileRef = 6D0534252B7DC1910085EDEC /* MessageListToolBar.swift */; };
		6D0534282B7DDCBB0085EDEC /* Error.swift in Sources */ = {isa = PBXBuildFile; fileRef = 6D0534272B7DDCBB0085EDEC /* Error.swift */; };
		6D05342A2B7DDF710085EDEC /* StringID.swift in Sources */ = {isa = PBXBuildFile; fileRef = 6D0534292B7DDF710085EDEC /* StringID.swift */; };
		6D05342C2B7DE0580085EDEC /* Microsoft.swift in Sources */ = {isa = PBXBuildFile; fileRef = 6D05342B2B7DE0580085EDEC /* Microsoft.swift */; };
		6D05342E2B7DE07C0085EDEC /* Microsoft.Account.swift in Sources */ = {isa = PBXBuildFile; fileRef = 6D05342D2B7DE07C0085EDEC /* Microsoft.Account.swift */; };
		6D21BD632B6CDCEE00FF6FDB /* MailWindowModel.swift in Sources */ = {isa = PBXBuildFile; fileRef = 6D21BD622B6CDCEE00FF6FDB /* MailWindowModel.swift */; };
		6D3191942B7151930027DB5A /* Localizable.xcstrings in Resources */ = {isa = PBXBuildFile; fileRef = 6D3191932B7151930027DB5A /* Localizable.xcstrings */; };
		6D3F9B322B81FBF6008F3745 /* deprecated_GoogleAPI+Model.swift in Sources */ = {isa = PBXBuildFile; fileRef = 6D3F9B312B81FBF6008F3745 /* deprecated_GoogleAPI+Model.swift */; };
		6D3F9E132B82F935008F3745 /* Microsoft+Requet.swift in Sources */ = {isa = PBXBuildFile; fileRef = 6D3F9E122B82F935008F3745 /* Microsoft+Requet.swift */; };
		6D3F9E1C2B830EA9008F3745 /* AppModel.swift in Sources */ = {isa = PBXBuildFile; fileRef = 6D86B7042B7B1C3E0001FFA2 /* AppModel.swift */; };
		6D3F9E1E2B83197A008F3745 /* deprecated_Google+.swift in Sources */ = {isa = PBXBuildFile; fileRef = 6D3F9E1D2B83197A008F3745 /* deprecated_Google+.swift */; };
		6D3F9E712B83C677008F3745 /* GTMAppAuth in Frameworks */ = {isa = PBXBuildFile; productRef = 6D3F9E702B83C677008F3745 /* GTMAppAuth */; };
		6D3F9E792B840D5D008F3745 /* AppModel+.swift in Sources */ = {isa = PBXBuildFile; fileRef = 6D3F9E782B840D5D008F3745 /* AppModel+.swift */; };
		6D3F9E7B2B84174B008F3745 /* Google+Account.swift in Sources */ = {isa = PBXBuildFile; fileRef = 6D3F9E7A2B84174B008F3745 /* Google+Account.swift */; };
		6D50502E2B6C206500253783 /* JSON.swift in Sources */ = {isa = PBXBuildFile; fileRef = 6D50502D2B6C206500253783 /* JSON.swift */; };
		6D5050302B6C458600253783 /* TargetFolderPaths.swift in Sources */ = {isa = PBXBuildFile; fileRef = 6D50502F2B6C458600253783 /* TargetFolderPaths.swift */; };
		6D5050322B6C99D800253783 /* HStack.swift in Sources */ = {isa = PBXBuildFile; fileRef = 6D5050312B6C99D800253783 /* HStack.swift */; };
		6D582E742B6AFAA4007864EC /* VC.swift in Sources */ = {isa = PBXBuildFile; fileRef = 6D582E732B6AFAA4007864EC /* VC.swift */; };
		6D582E782B6B2875007864EC /* CombineContext.swift in Sources */ = {isa = PBXBuildFile; fileRef = 6D582E772B6B2875007864EC /* CombineContext.swift */; };
		6D582E7A2B6B291D007864EC /* AccountsTab.swift in Sources */ = {isa = PBXBuildFile; fileRef = 6D582E792B6B291D007864EC /* AccountsTab.swift */; };
		6D63E1B12B686F04006E555B /* JetEmailApp.swift in Sources */ = {isa = PBXBuildFile; fileRef = 6D63E1B02B686F04006E555B /* JetEmailApp.swift */; };
		6D63E1B52B686F05006E555B /* Assets.xcassets in Resources */ = {isa = PBXBuildFile; fileRef = 6D63E1B42B686F05006E555B /* Assets.xcassets */; };
		6D703FB12B7A20E9004F3FC2 /* ObservableUserDefault in Frameworks */ = {isa = PBXBuildFile; productRef = 6D703FB02B7A20E9004F3FC2 /* ObservableUserDefault */; };
		6D703FB32B7A20E9004F3FC2 /* ObservableUserDefaultClient in Frameworks */ = {isa = PBXBuildFile; productRef = 6D703FB22B7A20E9004F3FC2 /* ObservableUserDefaultClient */; };
		6D703FB62B7ACD9A004F3FC2 /* Account.swift in Sources */ = {isa = PBXBuildFile; fileRef = 6D703FB52B7ACD9A004F3FC2 /* Account.swift */; };
		6D78FDB52B891C7A00466C28 /* Google+Request.swift in Sources */ = {isa = PBXBuildFile; fileRef = 6D78FDB42B891C7A00466C28 /* Google+Request.swift */; };
		6D78FDB72B8924A800466C28 /* Google.MailFolder.swift in Sources */ = {isa = PBXBuildFile; fileRef = 6D78FDB62B8924A800466C28 /* Google.MailFolder.swift */; };
		6D78FDBA2B8944C000466C28 /* loadAccounts.swift in Sources */ = {isa = PBXBuildFile; fileRef = 6D78FDB92B8944C000466C28 /* loadAccounts.swift */; };
		6D78FDBC2B8944F200466C28 /* signIn.swift in Sources */ = {isa = PBXBuildFile; fileRef = 6D78FDBB2B8944F200466C28 /* signIn.swift */; };
		6D78FDBE2B89451200466C28 /* signOut.swift in Sources */ = {isa = PBXBuildFile; fileRef = 6D78FDBD2B89451200466C28 /* signOut.swift */; };
		6D78FDC02B89452E00466C28 /* loadMailFolders.swift in Sources */ = {isa = PBXBuildFile; fileRef = 6D78FDBF2B89452E00466C28 /* loadMailFolders.swift */; };
		6D819BCC2B89C5C300C083C8 /* loadMessages.swift in Sources */ = {isa = PBXBuildFile; fileRef = 6D819BCB2B89C5C300C083C8 /* loadMessages.swift */; };
		6D819BCE2B89C65900C083C8 /* moveAccounts.swift in Sources */ = {isa = PBXBuildFile; fileRef = 6D819BCD2B89C65900C083C8 /* moveAccounts.swift */; };
		6D819BD02B89D21000C083C8 /* Google.Message.swift in Sources */ = {isa = PBXBuildFile; fileRef = 6D819BCF2B89D21000C083C8 /* Google.Message.swift */; };
		6D819BED2B8AC12C00C083C8 /* loadBody.swift in Sources */ = {isa = PBXBuildFile; fileRef = 6D819BEC2B8AC12C00C083C8 /* loadBody.swift */; };
		6D8619692B8165C8004DE92B /* AppAuth in Frameworks */ = {isa = PBXBuildFile; productRef = 6D8619682B8165C8004DE92B /* AppAuth */; };
		6D86B7152B7B2A480001FFA2 /* WebView.swift in Sources */ = {isa = PBXBuildFile; fileRef = 6D86B7142B7B2A480001FFA2 /* WebView.swift */; };
		6D86B7192B7B2B9C0001FFA2 /* ResultView.swift in Sources */ = {isa = PBXBuildFile; fileRef = 6D86B7182B7B2B9C0001FFA2 /* ResultView.swift */; };
		6D86B7212B7B2EC30001FFA2 /* MailWindow.swift in Sources */ = {isa = PBXBuildFile; fileRef = 6D86B71C2B7B2EC30001FFA2 /* MailWindow.swift */; };
		6D86B7222B7B2EC30001FFA2 /* AccountSection.swift in Sources */ = {isa = PBXBuildFile; fileRef = 6D86B71D2B7B2EC30001FFA2 /* AccountSection.swift */; };
		6D86B7232B7B2EC30001FFA2 /* AccountSectionList.swift in Sources */ = {isa = PBXBuildFile; fileRef = 6D86B71E2B7B2EC30001FFA2 /* AccountSectionList.swift */; };
		6D86B7242B7B2EC30001FFA2 /* MessageView.swift in Sources */ = {isa = PBXBuildFile; fileRef = 6D86B71F2B7B2EC30001FFA2 /* MessageView.swift */; };
		6D86B7262B7B3D1B0001FFA2 /* MailFolder.swift in Sources */ = {isa = PBXBuildFile; fileRef = 6D86B7252B7B3D1B0001FFA2 /* MailFolder.swift */; };
		6D86B72A2B7B3E690001FFA2 /* Foundation.JSON.swift in Sources */ = {isa = PBXBuildFile; fileRef = 6D86B7292B7B3E690001FFA2 /* Foundation.JSON.swift */; };
		6D86B72C2B7B45AC0001FFA2 /* ModelContext+.swift in Sources */ = {isa = PBXBuildFile; fileRef = 6D86B72B2B7B45AC0001FFA2 /* ModelContext+.swift */; };
		6D86B72E2B7B61490001FFA2 /* Message.swift in Sources */ = {isa = PBXBuildFile; fileRef = 6D86B72D2B7B61490001FFA2 /* Message.swift */; };
		6D90574D2B7401D5009CBB45 /* OpenAI in Frameworks */ = {isa = PBXBuildFile; productRef = 6D90574C2B7401D5009CBB45 /* OpenAI */; };
		6D90574F2B742EC3009CBB45 /* Agent.swift in Sources */ = {isa = PBXBuildFile; fileRef = 6D90574E2B742EC3009CBB45 /* Agent.swift */; };
		6DA7D0FA2B738AEE00F202A7 /* Microsoft+Account.swift in Sources */ = {isa = PBXBuildFile; fileRef = 6DA7D0F92B738AEE00F202A7 /* Microsoft+Account.swift */; };
		6DA7D0FE2B738B7100F202A7 /* Microsoft.Message.swift in Sources */ = {isa = PBXBuildFile; fileRef = 6DA7D0FD2B738B7100F202A7 /* Microsoft.Message.swift */; };
		6DA7D1002B738BAD00F202A7 /* MSAL.Others.swift in Sources */ = {isa = PBXBuildFile; fileRef = 6DA7D0FF2B738BAD00F202A7 /* MSAL.Others.swift */; };
		6DCA70182B87F10800A68B04 /* Session+.swift in Sources */ = {isa = PBXBuildFile; fileRef = 6DCA70172B87F10800A68B04 /* Session+.swift */; };
		6DCA701A2B87F9F200A68B04 /* +shared.swift in Sources */ = {isa = PBXBuildFile; fileRef = 6DCA70192B87F9F200A68B04 /* +shared.swift */; };
		6DDA826D2B8098BB00F95066 /* GoogleAPIClientForREST_Gmail in Frameworks */ = {isa = PBXBuildFile; productRef = 6DDA826C2B8098BB00F95066 /* GoogleAPIClientForREST_Gmail */; };
		6DDA82702B809C0900F95066 /* Google.swift in Sources */ = {isa = PBXBuildFile; fileRef = 6DDA826F2B809C0900F95066 /* Google.swift */; };
		6DDA827C2B80ABDF00F95066 /* Google.Session.swift in Sources */ = {isa = PBXBuildFile; fileRef = 6DDA827B2B80ABDF00F95066 /* Google.Session.swift */; };
		6DDA827F2B80AEE200F95066 /* KeychainAccess in Frameworks */ = {isa = PBXBuildFile; productRef = 6DDA827E2B80AEE200F95066 /* KeychainAccess */; };
		6DDEBDE32B8AED3E007B1692 /* Preview Assets.xcassets in Resources */ = {isa = PBXBuildFile; fileRef = 6DDEBDE22B8AED3E007B1692 /* Preview Assets.xcassets */; };
		6DE002412B7E654900E7648B /* +ID.swift in Sources */ = {isa = PBXBuildFile; fileRef = 6DE002402B7E654900E7648B /* +ID.swift */; };
		6DE002452B7EF2F300E7648B /* AppItemModel.swift in Sources */ = {isa = PBXBuildFile; fileRef = 6DE002442B7EF2F300E7648B /* AppItemModel.swift */; };
		6DE002482B7F0ED800E7648B /* ViewModels+.swift in Sources */ = {isa = PBXBuildFile; fileRef = 6DE002472B7F0ED800E7648B /* ViewModels+.swift */; };
		6DEF40AB2B6B621500B7AA68 /* SettingsModel.swift in Sources */ = {isa = PBXBuildFile; fileRef = 6DEF40AA2B6B621500B7AA68 /* SettingsModel.swift */; };
		6DEF40AF2B6B6BC000B7AA68 /* SetingsView.swift in Sources */ = {isa = PBXBuildFile; fileRef = 6DEF40AE2B6B6BC000B7AA68 /* SetingsView.swift */; };
		6DEF40B32B6B6E5E00B7AA68 /* Tree.swift in Sources */ = {isa = PBXBuildFile; fileRef = 6DEF40B22B6B6E5E00B7AA68 /* Tree.swift */; };
		6DEF40B52B6B6E8700B7AA68 /* Microsoft.MailFolder.swift in Sources */ = {isa = PBXBuildFile; fileRef = 6DEF40B42B6B6E8700B7AA68 /* Microsoft.MailFolder.swift */; };
		6DF1286D2B854105003FC779 /* Google.Keychain.swift in Sources */ = {isa = PBXBuildFile; fileRef = 6DF1286C2B854105003FC779 /* Google.Keychain.swift */; };
		6DF1286F2B8554C4003FC779 /* Google.Account.swift in Sources */ = {isa = PBXBuildFile; fileRef = 6DF1286E2B8554C4003FC779 /* Google.Account.swift */; };
		6DF128712B85649D003FC779 /* Google+GTM.swift in Sources */ = {isa = PBXBuildFile; fileRef = 6DF128702B85649D003FC779 /* Google+GTM.swift */; };
		6DF128732B857411003FC779 /* Microsoft+MSAL.swift in Sources */ = {isa = PBXBuildFile; fileRef = 6DF128722B857411003FC779 /* Microsoft+MSAL.swift */; };
		6DF128772B858F7C003FC779 /* Microsoft.Session.swift in Sources */ = {isa = PBXBuildFile; fileRef = 6DF128762B858F7C003FC779 /* Microsoft.Session.swift */; };
		6DF128E02B86012C003FC779 /* MSAL.framework in Frameworks */ = {isa = PBXBuildFile; fileRef = 6DF128CB2B85FB15003FC779 /* MSAL.framework */; };
		6DF128E12B86012C003FC779 /* MSAL.framework in Embed Frameworks */ = {isa = PBXBuildFile; fileRef = 6DF128CB2B85FB15003FC779 /* MSAL.framework */; settings = {ATTRIBUTES = (CodeSignOnCopy, RemoveHeadersOnCopy, ); }; };
		6DF128E32B86F5D1003FC779 /* Session.swift in Sources */ = {isa = PBXBuildFile; fileRef = 6DF128E22B86F5D1003FC779 /* Session.swift */; };
		6DF128E52B8711FC003FC779 /* Feature+.swift in Sources */ = {isa = PBXBuildFile; fileRef = 6DF128E42B8711FC003FC779 /* Feature+.swift */; };
/* End PBXBuildFile section */

/* Begin PBXContainerItemProxy section */
		6DF128C62B85FB15003FC779 /* PBXContainerItemProxy */ = {
			isa = PBXContainerItemProxy;
			containerPortal = 6DF128B52B85FB15003FC779 /* MSAL.xcodeproj */;
			proxyType = 2;
			remoteGlobalIDString = D65A6F431E3FD30A00C69FBA;
			remoteInfo = "MSAL (iOS Framework)";
		};
		6DF128C82B85FB15003FC779 /* PBXContainerItemProxy */ = {
			isa = PBXContainerItemProxy;
			containerPortal = 6DF128B52B85FB15003FC779 /* MSAL.xcodeproj */;
			proxyType = 2;
			remoteGlobalIDString = D65A6FC11E3FF47D00C69FBA;
			remoteInfo = "MSAL iOS Unit Tests";
		};
		6DF128CA2B85FB15003FC779 /* PBXContainerItemProxy */ = {
			isa = PBXContainerItemProxy;
			containerPortal = 6DF128B52B85FB15003FC779 /* MSAL.xcodeproj */;
			proxyType = 2;
			remoteGlobalIDString = D65A6F501E3FD32D00C69FBA;
			remoteInfo = "MSAL (Mac Framework)";
		};
		6DF128CC2B85FB15003FC779 /* PBXContainerItemProxy */ = {
			isa = PBXContainerItemProxy;
			containerPortal = 6DF128B52B85FB15003FC779 /* MSAL.xcodeproj */;
			proxyType = 2;
			remoteGlobalIDString = D65A6FD01E3FF49C00C69FBA;
			remoteInfo = "MSAL Mac Unit Tests";
		};
		6DF128CE2B85FB15003FC779 /* PBXContainerItemProxy */ = {
			isa = PBXContainerItemProxy;
			containerPortal = 6DF128B52B85FB15003FC779 /* MSAL.xcodeproj */;
			proxyType = 2;
			remoteGlobalIDString = D61A64331E5A29580086D120;
			remoteInfo = "MSAL Test App (iOS)";
		};
		6DF128D02B85FB15003FC779 /* PBXContainerItemProxy */ = {
			isa = PBXContainerItemProxy;
			containerPortal = 6DF128B52B85FB15003FC779 /* MSAL.xcodeproj */;
			proxyType = 2;
			remoteGlobalIDString = 962E37BC1E720C5D00DE71FE;
			remoteInfo = "MSAL Test Automation (iOS)";
		};
		6DF128D22B85FB15003FC779 /* PBXContainerItemProxy */ = {
			isa = PBXContainerItemProxy;
			containerPortal = 6DF128B52B85FB15003FC779 /* MSAL.xcodeproj */;
			proxyType = 2;
			remoteGlobalIDString = D672279F1EBD111900F3422A;
			remoteInfo = "unit-test-host";
		};
		6DF128D42B85FB15003FC779 /* PBXContainerItemProxy */ = {
			isa = PBXContainerItemProxy;
			containerPortal = 6DF128B52B85FB15003FC779 /* MSAL.xcodeproj */;
			proxyType = 2;
			remoteGlobalIDString = B2BB73702112C32C000EA4C5;
			remoteInfo = InteractiveiOSTests;
		};
		6DF128D62B85FB15003FC779 /* PBXContainerItemProxy */ = {
			isa = PBXContainerItemProxy;
			containerPortal = 6DF128B52B85FB15003FC779 /* MSAL.xcodeproj */;
			proxyType = 2;
			remoteGlobalIDString = B29E2ACE21238F5200B170ED;
			remoteInfo = MultiAppiOSTests;
		};
		6DF128D82B85FB15003FC779 /* PBXContainerItemProxy */ = {
			isa = PBXContainerItemProxy;
			containerPortal = 6DF128B52B85FB15003FC779 /* MSAL.xcodeproj */;
			proxyType = 2;
			remoteGlobalIDString = 1E614BDA22558D8300EBF62F;
			remoteInfo = "MSAL Test App (Mac)";
		};
		6DF128DA2B85FB15003FC779 /* PBXContainerItemProxy */ = {
			isa = PBXContainerItemProxy;
			containerPortal = 6DF128B52B85FB15003FC779 /* MSAL.xcodeproj */;
			proxyType = 2;
			remoteGlobalIDString = 04A6B57B226921890035C7C2;
			remoteInfo = "MSAL (iOS Static Library)";
		};
		6DF128DC2B85FB15003FC779 /* PBXContainerItemProxy */ = {
			isa = PBXContainerItemProxy;
			containerPortal = 6DF128B52B85FB15003FC779 /* MSAL.xcodeproj */;
			proxyType = 2;
			remoteGlobalIDString = 04A6B59C2269286F0035C7C2;
			remoteInfo = "MSAL (Mac Static Library)";
		};
		6DF128DE2B85FB15003FC779 /* PBXContainerItemProxy */ = {
			isa = PBXContainerItemProxy;
			containerPortal = 6DF128B52B85FB15003FC779 /* MSAL.xcodeproj */;
			proxyType = 2;
			remoteGlobalIDString = B295A16422D0348400FFB313;
			remoteInfo = "unit-test-host-mac";
		};
/* End PBXContainerItemProxy section */

/* Begin PBXCopyFilesBuildPhase section */
		6D3F9B762B829207008F3745 /* Embed Frameworks */ = {
			isa = PBXCopyFilesBuildPhase;
			buildActionMask = 2147483647;
			dstPath = "";
			dstSubfolderSpec = 10;
			files = (
				6DF128E12B86012C003FC779 /* MSAL.framework in Embed Frameworks */,
			);
			name = "Embed Frameworks";
			runOnlyForDeploymentPostprocessing = 0;
		};
/* End PBXCopyFilesBuildPhase section */

/* Begin PBXFileReference section */
		6D0533F22B7C2A830085EDEC /* ViewModifier.swift */ = {isa = PBXFileReference; lastKnownFileType = sourcecode.swift; path = ViewModifier.swift; sourceTree = "<group>"; };
		6D0533F72B7C2FE70085EDEC /* MessageList.swift */ = {isa = PBXFileReference; fileEncoding = 4; lastKnownFileType = sourcecode.swift; path = MessageList.swift; sourceTree = "<group>"; };
		6D0534032B7CE6510085EDEC /* GeneralTab.swift */ = {isa = PBXFileReference; lastKnownFileType = sourcecode.swift; path = GeneralTab.swift; sourceTree = "<group>"; };
		6D0534052B7CEB500085EDEC /* RefreshButton.swift */ = {isa = PBXFileReference; lastKnownFileType = sourcecode.swift; path = RefreshButton.swift; sourceTree = "<group>"; };
		6D0534072B7D47A20085EDEC /* AccountList.swift */ = {isa = PBXFileReference; lastKnownFileType = sourcecode.swift; path = AccountList.swift; sourceTree = "<group>"; };
		6D0534092B7D47D90085EDEC /* AccountCell.swift */ = {isa = PBXFileReference; lastKnownFileType = sourcecode.swift; path = AccountCell.swift; sourceTree = "<group>"; };
		6D05340B2B7D48000085EDEC /* AccountView.swift */ = {isa = PBXFileReference; lastKnownFileType = sourcecode.swift; path = AccountView.swift; sourceTree = "<group>"; };
		6D05340F2B7D529F0085EDEC /* MessageCell.swift */ = {isa = PBXFileReference; lastKnownFileType = sourcecode.swift; path = MessageCell.swift; sourceTree = "<group>"; };
		6D0534122B7D533E0085EDEC /* AccountListToolBar.swift */ = {isa = PBXFileReference; lastKnownFileType = sourcecode.swift; path = AccountListToolBar.swift; sourceTree = "<group>"; };
		6D0534182B7D709D0085EDEC /* SplitView.swift */ = {isa = PBXFileReference; lastKnownFileType = sourcecode.swift; path = SplitView.swift; sourceTree = "<group>"; };
		6D05341E2B7DA35B0085EDEC /* AccountSectionHeader.swift */ = {isa = PBXFileReference; lastKnownFileType = sourcecode.swift; path = AccountSectionHeader.swift; sourceTree = "<group>"; };
		6D0534222B7DB1730085EDEC /* MailFolderCell.swift */ = {isa = PBXFileReference; lastKnownFileType = sourcecode.swift; path = MailFolderCell.swift; sourceTree = "<group>"; };
		6D0534252B7DC1910085EDEC /* MessageListToolBar.swift */ = {isa = PBXFileReference; fileEncoding = 4; lastKnownFileType = sourcecode.swift; path = MessageListToolBar.swift; sourceTree = "<group>"; };
		6D0534272B7DDCBB0085EDEC /* Error.swift */ = {isa = PBXFileReference; lastKnownFileType = sourcecode.swift; path = Error.swift; sourceTree = "<group>"; };
		6D0534292B7DDF710085EDEC /* StringID.swift */ = {isa = PBXFileReference; lastKnownFileType = sourcecode.swift; path = StringID.swift; sourceTree = "<group>"; };
		6D05342B2B7DE0580085EDEC /* Microsoft.swift */ = {isa = PBXFileReference; lastKnownFileType = sourcecode.swift; path = Microsoft.swift; sourceTree = "<group>"; };
		6D05342D2B7DE07C0085EDEC /* Microsoft.Account.swift */ = {isa = PBXFileReference; lastKnownFileType = sourcecode.swift; path = Microsoft.Account.swift; sourceTree = "<group>"; };
		6D21BD622B6CDCEE00FF6FDB /* MailWindowModel.swift */ = {isa = PBXFileReference; lastKnownFileType = sourcecode.swift; path = MailWindowModel.swift; sourceTree = "<group>"; };
		6D3191932B7151930027DB5A /* Localizable.xcstrings */ = {isa = PBXFileReference; lastKnownFileType = text.json.xcstrings; path = Localizable.xcstrings; sourceTree = "<group>"; };
		6D3F9B302B81B1B6008F3745 /* JetEmail.entitlements */ = {isa = PBXFileReference; lastKnownFileType = text.plist.entitlements; path = JetEmail.entitlements; sourceTree = "<group>"; };
		6D3F9B312B81FBF6008F3745 /* deprecated_GoogleAPI+Model.swift */ = {isa = PBXFileReference; lastKnownFileType = sourcecode.swift; path = "deprecated_GoogleAPI+Model.swift"; sourceTree = "<group>"; };
		6D3F9B8F2B829C17008F3745 /* libIdentityCore.a */ = {isa = PBXFileReference; explicitFileType = archive.ar; path = libIdentityCore.a; sourceTree = BUILT_PRODUCTS_DIR; };
		6D3F9B912B829C38008F3745 /* libIdentityAutomationAppLib Mac.dylib */ = {isa = PBXFileReference; explicitFileType = "compiled.mach-o.dylib"; path = "libIdentityAutomationAppLib Mac.dylib"; sourceTree = BUILT_PRODUCTS_DIR; };
		6D3F9B952B829CCE008F3745 /* libIdentityCoreSwift.a */ = {isa = PBXFileReference; explicitFileType = archive.ar; path = libIdentityCoreSwift.a; sourceTree = BUILT_PRODUCTS_DIR; };
		6D3F9DCD2B82B51A008F3745 /* GSS.framework */ = {isa = PBXFileReference; lastKnownFileType = wrapper.framework; name = GSS.framework; path = System/Library/Frameworks/GSS.framework; sourceTree = SDKROOT; };
		6D3F9DCF2B82B566008F3745 /* SecurityInterface.framework */ = {isa = PBXFileReference; lastKnownFileType = wrapper.framework; name = SecurityInterface.framework; path = System/Library/Frameworks/SecurityInterface.framework; sourceTree = SDKROOT; };
		6D3F9E122B82F935008F3745 /* Microsoft+Requet.swift */ = {isa = PBXFileReference; lastKnownFileType = sourcecode.swift; path = "Microsoft+Requet.swift"; sourceTree = "<group>"; };
		6D3F9E1D2B83197A008F3745 /* deprecated_Google+.swift */ = {isa = PBXFileReference; fileEncoding = 4; lastKnownFileType = sourcecode.swift; path = "deprecated_Google+.swift"; sourceTree = "<group>"; };
		6D3F9E782B840D5D008F3745 /* AppModel+.swift */ = {isa = PBXFileReference; lastKnownFileType = sourcecode.swift; path = "AppModel+.swift"; sourceTree = "<group>"; };
		6D3F9E7A2B84174B008F3745 /* Google+Account.swift */ = {isa = PBXFileReference; lastKnownFileType = sourcecode.swift; path = "Google+Account.swift"; sourceTree = "<group>"; };
		6D50502D2B6C206500253783 /* JSON.swift */ = {isa = PBXFileReference; lastKnownFileType = sourcecode.swift; path = JSON.swift; sourceTree = "<group>"; };
		6D50502F2B6C458600253783 /* TargetFolderPaths.swift */ = {isa = PBXFileReference; lastKnownFileType = sourcecode.swift; path = TargetFolderPaths.swift; sourceTree = "<group>"; };
		6D5050312B6C99D800253783 /* HStack.swift */ = {isa = PBXFileReference; lastKnownFileType = sourcecode.swift; path = HStack.swift; sourceTree = "<group>"; };
		6D582E732B6AFAA4007864EC /* VC.swift */ = {isa = PBXFileReference; lastKnownFileType = sourcecode.swift; path = VC.swift; sourceTree = "<group>"; };
		6D582E772B6B2875007864EC /* CombineContext.swift */ = {isa = PBXFileReference; lastKnownFileType = sourcecode.swift; path = CombineContext.swift; sourceTree = "<group>"; };
		6D582E792B6B291D007864EC /* AccountsTab.swift */ = {isa = PBXFileReference; lastKnownFileType = sourcecode.swift; path = AccountsTab.swift; sourceTree = "<group>"; };
		6D63E1AD2B686F04006E555B /* JetEmail.app */ = {isa = PBXFileReference; explicitFileType = wrapper.application; includeInIndex = 0; path = JetEmail.app; sourceTree = BUILT_PRODUCTS_DIR; };
		6D63E1B02B686F04006E555B /* JetEmailApp.swift */ = {isa = PBXFileReference; lastKnownFileType = sourcecode.swift; path = JetEmailApp.swift; sourceTree = "<group>"; };
		6D63E1B42B686F05006E555B /* Assets.xcassets */ = {isa = PBXFileReference; lastKnownFileType = folder.assetcatalog; path = Assets.xcassets; sourceTree = "<group>"; };
		6D703FB52B7ACD9A004F3FC2 /* Account.swift */ = {isa = PBXFileReference; lastKnownFileType = sourcecode.swift; path = Account.swift; sourceTree = "<group>"; };
		6D78FDB42B891C7A00466C28 /* Google+Request.swift */ = {isa = PBXFileReference; lastKnownFileType = sourcecode.swift; path = "Google+Request.swift"; sourceTree = "<group>"; };
		6D78FDB62B8924A800466C28 /* Google.MailFolder.swift */ = {isa = PBXFileReference; lastKnownFileType = sourcecode.swift; path = Google.MailFolder.swift; sourceTree = "<group>"; };
		6D78FDB92B8944C000466C28 /* loadAccounts.swift */ = {isa = PBXFileReference; lastKnownFileType = sourcecode.swift; path = loadAccounts.swift; sourceTree = "<group>"; };
		6D78FDBB2B8944F200466C28 /* signIn.swift */ = {isa = PBXFileReference; lastKnownFileType = sourcecode.swift; path = signIn.swift; sourceTree = "<group>"; };
		6D78FDBD2B89451200466C28 /* signOut.swift */ = {isa = PBXFileReference; lastKnownFileType = sourcecode.swift; path = signOut.swift; sourceTree = "<group>"; };
		6D78FDBF2B89452E00466C28 /* loadMailFolders.swift */ = {isa = PBXFileReference; lastKnownFileType = sourcecode.swift; path = loadMailFolders.swift; sourceTree = "<group>"; };
		6D819BCB2B89C5C300C083C8 /* loadMessages.swift */ = {isa = PBXFileReference; lastKnownFileType = sourcecode.swift; path = loadMessages.swift; sourceTree = "<group>"; };
		6D819BCD2B89C65900C083C8 /* moveAccounts.swift */ = {isa = PBXFileReference; lastKnownFileType = sourcecode.swift; path = moveAccounts.swift; sourceTree = "<group>"; };
		6D819BCF2B89D21000C083C8 /* Google.Message.swift */ = {isa = PBXFileReference; lastKnownFileType = sourcecode.swift; path = Google.Message.swift; sourceTree = "<group>"; };
		6D819BEC2B8AC12C00C083C8 /* loadBody.swift */ = {isa = PBXFileReference; lastKnownFileType = sourcecode.swift; path = loadBody.swift; sourceTree = "<group>"; };
		6D86B7042B7B1C3E0001FFA2 /* AppModel.swift */ = {isa = PBXFileReference; lastKnownFileType = sourcecode.swift; path = AppModel.swift; sourceTree = "<group>"; };
		6D86B7142B7B2A480001FFA2 /* WebView.swift */ = {isa = PBXFileReference; fileEncoding = 4; lastKnownFileType = sourcecode.swift; path = WebView.swift; sourceTree = "<group>"; };
		6D86B7182B7B2B9C0001FFA2 /* ResultView.swift */ = {isa = PBXFileReference; lastKnownFileType = sourcecode.swift; path = ResultView.swift; sourceTree = "<group>"; };
		6D86B71C2B7B2EC30001FFA2 /* MailWindow.swift */ = {isa = PBXFileReference; fileEncoding = 4; lastKnownFileType = sourcecode.swift; path = MailWindow.swift; sourceTree = "<group>"; };
		6D86B71D2B7B2EC30001FFA2 /* AccountSection.swift */ = {isa = PBXFileReference; fileEncoding = 4; lastKnownFileType = sourcecode.swift; path = AccountSection.swift; sourceTree = "<group>"; };
		6D86B71E2B7B2EC30001FFA2 /* AccountSectionList.swift */ = {isa = PBXFileReference; fileEncoding = 4; lastKnownFileType = sourcecode.swift; path = AccountSectionList.swift; sourceTree = "<group>"; };
		6D86B71F2B7B2EC30001FFA2 /* MessageView.swift */ = {isa = PBXFileReference; fileEncoding = 4; lastKnownFileType = sourcecode.swift; path = MessageView.swift; sourceTree = "<group>"; };
		6D86B7252B7B3D1B0001FFA2 /* MailFolder.swift */ = {isa = PBXFileReference; lastKnownFileType = sourcecode.swift; path = MailFolder.swift; sourceTree = "<group>"; };
		6D86B7292B7B3E690001FFA2 /* Foundation.JSON.swift */ = {isa = PBXFileReference; lastKnownFileType = sourcecode.swift; path = Foundation.JSON.swift; sourceTree = "<group>"; };
		6D86B72B2B7B45AC0001FFA2 /* ModelContext+.swift */ = {isa = PBXFileReference; lastKnownFileType = sourcecode.swift; path = "ModelContext+.swift"; sourceTree = "<group>"; };
		6D86B72D2B7B61490001FFA2 /* Message.swift */ = {isa = PBXFileReference; lastKnownFileType = sourcecode.swift; path = Message.swift; sourceTree = "<group>"; };
		6D90574E2B742EC3009CBB45 /* Agent.swift */ = {isa = PBXFileReference; lastKnownFileType = sourcecode.swift; path = Agent.swift; sourceTree = "<group>"; };
		6DA7D0F92B738AEE00F202A7 /* Microsoft+Account.swift */ = {isa = PBXFileReference; lastKnownFileType = sourcecode.swift; path = "Microsoft+Account.swift"; sourceTree = "<group>"; };
		6DA7D0FD2B738B7100F202A7 /* Microsoft.Message.swift */ = {isa = PBXFileReference; lastKnownFileType = sourcecode.swift; path = Microsoft.Message.swift; sourceTree = "<group>"; };
		6DA7D0FF2B738BAD00F202A7 /* MSAL.Others.swift */ = {isa = PBXFileReference; lastKnownFileType = sourcecode.swift; path = MSAL.Others.swift; sourceTree = "<group>"; };
		6DCA70172B87F10800A68B04 /* Session+.swift */ = {isa = PBXFileReference; lastKnownFileType = sourcecode.swift; path = "Session+.swift"; sourceTree = "<group>"; };
		6DCA70192B87F9F200A68B04 /* +shared.swift */ = {isa = PBXFileReference; lastKnownFileType = sourcecode.swift; path = "+shared.swift"; sourceTree = "<group>"; };
		6DDA826F2B809C0900F95066 /* Google.swift */ = {isa = PBXFileReference; lastKnownFileType = sourcecode.swift; path = Google.swift; sourceTree = "<group>"; };
		6DDA827B2B80ABDF00F95066 /* Google.Session.swift */ = {isa = PBXFileReference; lastKnownFileType = sourcecode.swift; path = Google.Session.swift; sourceTree = "<group>"; };
		6DDEBDE22B8AED3E007B1692 /* Preview Assets.xcassets */ = {isa = PBXFileReference; lastKnownFileType = folder.assetcatalog; path = "Preview Assets.xcassets"; sourceTree = "<group>"; };
		6DE002402B7E654900E7648B /* +ID.swift */ = {isa = PBXFileReference; lastKnownFileType = sourcecode.swift; path = "+ID.swift"; sourceTree = "<group>"; };
		6DE002442B7EF2F300E7648B /* AppItemModel.swift */ = {isa = PBXFileReference; lastKnownFileType = sourcecode.swift; path = AppItemModel.swift; sourceTree = "<group>"; };
		6DE002472B7F0ED800E7648B /* ViewModels+.swift */ = {isa = PBXFileReference; lastKnownFileType = sourcecode.swift; path = "ViewModels+.swift"; sourceTree = "<group>"; };
		6DEF40AA2B6B621500B7AA68 /* SettingsModel.swift */ = {isa = PBXFileReference; lastKnownFileType = sourcecode.swift; path = SettingsModel.swift; sourceTree = "<group>"; };
		6DEF40AE2B6B6BC000B7AA68 /* SetingsView.swift */ = {isa = PBXFileReference; lastKnownFileType = sourcecode.swift; path = SetingsView.swift; sourceTree = "<group>"; };
		6DEF40B22B6B6E5E00B7AA68 /* Tree.swift */ = {isa = PBXFileReference; lastKnownFileType = sourcecode.swift; path = Tree.swift; sourceTree = "<group>"; };
		6DEF40B42B6B6E8700B7AA68 /* Microsoft.MailFolder.swift */ = {isa = PBXFileReference; lastKnownFileType = sourcecode.swift; path = Microsoft.MailFolder.swift; sourceTree = "<group>"; };
		6DF1286C2B854105003FC779 /* Google.Keychain.swift */ = {isa = PBXFileReference; lastKnownFileType = sourcecode.swift; path = Google.Keychain.swift; sourceTree = "<group>"; };
		6DF1286E2B8554C4003FC779 /* Google.Account.swift */ = {isa = PBXFileReference; lastKnownFileType = sourcecode.swift; path = Google.Account.swift; sourceTree = "<group>"; };
		6DF128702B85649D003FC779 /* Google+GTM.swift */ = {isa = PBXFileReference; lastKnownFileType = sourcecode.swift; path = "Google+GTM.swift"; sourceTree = "<group>"; };
		6DF128722B857411003FC779 /* Microsoft+MSAL.swift */ = {isa = PBXFileReference; lastKnownFileType = sourcecode.swift; path = "Microsoft+MSAL.swift"; sourceTree = "<group>"; };
		6DF128762B858F7C003FC779 /* Microsoft.Session.swift */ = {isa = PBXFileReference; lastKnownFileType = sourcecode.swift; path = Microsoft.Session.swift; sourceTree = "<group>"; };
		6DF128B52B85FB15003FC779 /* MSAL.xcodeproj */ = {isa = PBXFileReference; lastKnownFileType = "wrapper.pb-project"; name = MSAL.xcodeproj; path = "../microsoft-authentication-library-for-objc/MSAL/MSAL.xcodeproj"; sourceTree = "<group>"; };
		6DF128E22B86F5D1003FC779 /* Session.swift */ = {isa = PBXFileReference; lastKnownFileType = sourcecode.swift; path = Session.swift; sourceTree = "<group>"; };
		6DF128E42B8711FC003FC779 /* Feature+.swift */ = {isa = PBXFileReference; lastKnownFileType = sourcecode.swift; path = "Feature+.swift"; sourceTree = "<group>"; };
/* End PBXFileReference section */

/* Begin PBXFrameworksBuildPhase section */
		6D63E1AA2B686F04006E555B /* Frameworks */ = {
			isa = PBXFrameworksBuildPhase;
			buildActionMask = 2147483647;
			files = (
				6D8619692B8165C8004DE92B /* AppAuth in Frameworks */,
				6D3F9E712B83C677008F3745 /* GTMAppAuth in Frameworks */,
				6D90574D2B7401D5009CBB45 /* OpenAI in Frameworks */,
				6DDA826D2B8098BB00F95066 /* GoogleAPIClientForREST_Gmail in Frameworks */,
				6D703FB12B7A20E9004F3FC2 /* ObservableUserDefault in Frameworks */,
				6DDA827F2B80AEE200F95066 /* KeychainAccess in Frameworks */,
				6D703FB32B7A20E9004F3FC2 /* ObservableUserDefaultClient in Frameworks */,
				6DF128E02B86012C003FC779 /* MSAL.framework in Frameworks */,
			);
			runOnlyForDeploymentPostprocessing = 0;
		};
/* End PBXFrameworksBuildPhase section */

/* Begin PBXGroup section */
		6D0533F62B7C2FE70085EDEC /* MailFolder */ = {
			isa = PBXGroup;
			children = (
				6D0533F72B7C2FE70085EDEC /* MessageList.swift */,
				6D0534252B7DC1910085EDEC /* MessageListToolBar.swift */,
				6D0534222B7DB1730085EDEC /* MailFolderCell.swift */,
			);
			path = MailFolder;
			sourceTree = "<group>";
		};
		6D0534002B7C96970085EDEC /* Clients */ = {
			isa = PBXGroup;
			children = (
				6D05342B2B7DE0580085EDEC /* Microsoft.swift */,
				6DDA826F2B809C0900F95066 /* Google.swift */,
				6DF128762B858F7C003FC779 /* Microsoft.Session.swift */,
				6DDA827B2B80ABDF00F95066 /* Google.Session.swift */,
				6DF1286C2B854105003FC779 /* Google.Keychain.swift */,
				6DA7D0F92B738AEE00F202A7 /* Microsoft+Account.swift */,
				6D3F9E7A2B84174B008F3745 /* Google+Account.swift */,
				6DF128722B857411003FC779 /* Microsoft+MSAL.swift */,
				6DF128702B85649D003FC779 /* Google+GTM.swift */,
				6D05342D2B7DE07C0085EDEC /* Microsoft.Account.swift */,
				6DF1286E2B8554C4003FC779 /* Google.Account.swift */,
				6DEF40B42B6B6E8700B7AA68 /* Microsoft.MailFolder.swift */,
				6D78FDB62B8924A800466C28 /* Google.MailFolder.swift */,
				6D819BCF2B89D21000C083C8 /* Google.Message.swift */,
				6DA7D0FD2B738B7100F202A7 /* Microsoft.Message.swift */,
				6DA7D0FF2B738BAD00F202A7 /* MSAL.Others.swift */,
			);
			path = Clients;
			sourceTree = "<group>";
		};
		6D05341A2B7D72230085EDEC /* MailWindow */ = {
			isa = PBXGroup;
			children = (
				6D86B71C2B7B2EC30001FFA2 /* MailWindow.swift */,
			);
			path = MailWindow;
			sourceTree = "<group>";
		};
		6D05341B2B7D72D10085EDEC /* Message */ = {
			isa = PBXGroup;
			children = (
				6D05340F2B7D529F0085EDEC /* MessageCell.swift */,
				6D86B71F2B7B2EC30001FFA2 /* MessageView.swift */,
			);
			path = Message;
			sourceTree = "<group>";
		};
		6D05341C2B7D73700085EDEC /* Client */ = {
			isa = PBXGroup;
			children = (
				6D0534072B7D47A20085EDEC /* AccountList.swift */,
				6D0534122B7D533E0085EDEC /* AccountListToolBar.swift */,
				6D86B71E2B7B2EC30001FFA2 /* AccountSectionList.swift */,
			);
			path = Client;
			sourceTree = "<group>";
		};
		6D0534242B7DB5300085EDEC /* Others */ = {
			isa = PBXGroup;
			children = (
				6D582E732B6AFAA4007864EC /* VC.swift */,
				6D90574E2B742EC3009CBB45 /* Agent.swift */,
				6D50502F2B6C458600253783 /* TargetFolderPaths.swift */,
				6D50502D2B6C206500253783 /* JSON.swift */,
				6DEF40B22B6B6E5E00B7AA68 /* Tree.swift */,
				6D5050312B6C99D800253783 /* HStack.swift */,
			);
			path = Others;
			sourceTree = "<group>";
		};
		6D21BD612B6CDCD800FF6FDB /* AppModel */ = {
			isa = PBXGroup;
			children = (
				6D86B7042B7B1C3E0001FFA2 /* AppModel.swift */,
				6DE002442B7EF2F300E7648B /* AppItemModel.swift */,
			);
			path = AppModel;
			sourceTree = "<group>";
		};
		6D3F9B2F2B81AFD1008F3745 /* Resources */ = {
			isa = PBXGroup;
			children = (
				6D3F9B302B81B1B6008F3745 /* JetEmail.entitlements */,
				6D3191932B7151930027DB5A /* Localizable.xcstrings */,
				6D63E1B42B686F05006E555B /* Assets.xcassets */,
				6DDEBDE12B8AED3E007B1692 /* Preview Content */,
			);
			path = Resources;
			sourceTree = "<group>";
		};
		6D3F9B732B829206008F3745 /* Frameworks */ = {
			isa = PBXGroup;
			children = (
				6D3F9DCF2B82B566008F3745 /* SecurityInterface.framework */,
				6D3F9DCD2B82B51A008F3745 /* GSS.framework */,
				6D3F9B952B829CCE008F3745 /* libIdentityCoreSwift.a */,
				6D3F9B912B829C38008F3745 /* libIdentityAutomationAppLib Mac.dylib */,
				6D3F9B8F2B829C17008F3745 /* libIdentityCore.a */,
			);
			name = Frameworks;
			sourceTree = "<group>";
		};
		6D63E1A42B686F04006E555B = {
			isa = PBXGroup;
			children = (
				6DF128B52B85FB15003FC779 /* MSAL.xcodeproj */,
				6D63E1AF2B686F04006E555B /* JetEmail */,
				6D3F9B732B829206008F3745 /* Frameworks */,
			);
			sourceTree = "<group>";
		};
		6D63E1AE2B686F04006E555B /* Products */ = {
			isa = PBXGroup;
			children = (
				6D63E1AD2B686F04006E555B /* JetEmail.app */,
			);
			name = Products;
			sourceTree = "<group>";
		};
		6D63E1AF2B686F04006E555B /* JetEmail */ = {
			isa = PBXGroup;
			children = (
				6D86B7072B7B29FD0001FFA2 /* Views */,
				6DE002462B7F0EC000E7648B /* ViewModels */,
				6D21BD612B6CDCD800FF6FDB /* AppModel */,
				6DE0024E2B80916000E7648B /* Features */,
				6D703FB42B7ACD83004F3FC2 /* SwiftData */,
				6D0534002B7C96970085EDEC /* Clients */,
				6D86B7172B7B2B920001FFA2 /* SwiftUISupport */,
				6D86B7282B7B3E5E0001FFA2 /* FoundationSupport */,
				6D0534242B7DB5300085EDEC /* Others */,
				6D3F9B2F2B81AFD1008F3745 /* Resources */,
				6D63E1AE2B686F04006E555B /* Products */,
				6D90574B2B7401D5009CBB45 /* Frameworks */,
			);
			path = JetEmail;
			sourceTree = "<group>";
		};
		6D703FAE2B7A1E07004F3FC2 /* SettingsView */ = {
			isa = PBXGroup;
			children = (
				6DEF40AE2B6B6BC000B7AA68 /* SetingsView.swift */,
				6D0534032B7CE6510085EDEC /* GeneralTab.swift */,
				6D582E792B6B291D007864EC /* AccountsTab.swift */,
			);
			path = SettingsView;
			sourceTree = "<group>";
		};
		6D703FB42B7ACD83004F3FC2 /* SwiftData */ = {
			isa = PBXGroup;
			children = (
				6D703FB52B7ACD9A004F3FC2 /* Account.swift */,
				6DF128E22B86F5D1003FC779 /* Session.swift */,
				6D86B7252B7B3D1B0001FFA2 /* MailFolder.swift */,
				6D86B72D2B7B61490001FFA2 /* Message.swift */,
			);
			path = SwiftData;
			sourceTree = "<group>";
		};
		6D86B7072B7B29FD0001FFA2 /* Views */ = {
			isa = PBXGroup;
			children = (
				6D63E1B02B686F04006E555B /* JetEmailApp.swift */,
				6D703FAE2B7A1E07004F3FC2 /* SettingsView */,
				6D05341A2B7D72230085EDEC /* MailWindow */,
				6D05341C2B7D73700085EDEC /* Client */,
				6D86B71A2B7B2EC30001FFA2 /* Account */,
				6D0533F62B7C2FE70085EDEC /* MailFolder */,
				6D05341B2B7D72D10085EDEC /* Message */,
			);
			path = Views;
			sourceTree = "<group>";
		};
		6D86B7172B7B2B920001FFA2 /* SwiftUISupport */ = {
			isa = PBXGroup;
			children = (
				6D86B7142B7B2A480001FFA2 /* WebView.swift */,
				6D582E772B6B2875007864EC /* CombineContext.swift */,
				6D0533F22B7C2A830085EDEC /* ViewModifier.swift */,
				6D0534052B7CEB500085EDEC /* RefreshButton.swift */,
				6D86B7182B7B2B9C0001FFA2 /* ResultView.swift */,
				6D0534182B7D709D0085EDEC /* SplitView.swift */,
			);
			path = SwiftUISupport;
			sourceTree = "<group>";
		};
		6D86B71A2B7B2EC30001FFA2 /* Account */ = {
			isa = PBXGroup;
			children = (
				6D86B71D2B7B2EC30001FFA2 /* AccountSection.swift */,
				6D05341E2B7DA35B0085EDEC /* AccountSectionHeader.swift */,
				6D0534092B7D47D90085EDEC /* AccountCell.swift */,
				6D05340B2B7D48000085EDEC /* AccountView.swift */,
			);
			path = Account;
			sourceTree = "<group>";
		};
		6D86B7282B7B3E5E0001FFA2 /* FoundationSupport */ = {
			isa = PBXGroup;
			children = (
				6D86B7292B7B3E690001FFA2 /* Foundation.JSON.swift */,
				6D0534272B7DDCBB0085EDEC /* Error.swift */,
				6D0534292B7DDF710085EDEC /* StringID.swift */,
			);
			path = FoundationSupport;
			sourceTree = "<group>";
		};
		6D90574B2B7401D5009CBB45 /* Frameworks */ = {
			isa = PBXGroup;
			children = (
			);
			name = Frameworks;
			sourceTree = "<group>";
		};
		6DDEBDE12B8AED3E007B1692 /* Preview Content */ = {
			isa = PBXGroup;
			children = (
				6DDEBDE22B8AED3E007B1692 /* Preview Assets.xcassets */,
			);
			path = "Preview Content";
			sourceTree = "<group>";
		};
		6DE002462B7F0EC000E7648B /* ViewModels */ = {
			isa = PBXGroup;
			children = (
				6DEF40AA2B6B621500B7AA68 /* SettingsModel.swift */,
				6D21BD622B6CDCEE00FF6FDB /* MailWindowModel.swift */,
				6DE002472B7F0ED800E7648B /* ViewModels+.swift */,
			);
			path = ViewModels;
			sourceTree = "<group>";
		};
		6DE0024E2B80916000E7648B /* Features */ = {
			isa = PBXGroup;
			children = (
				6D78FDB92B8944C000466C28 /* loadAccounts.swift */,
				6D78FDBB2B8944F200466C28 /* signIn.swift */,
				6D78FDBD2B89451200466C28 /* signOut.swift */,
				6D819BCD2B89C65900C083C8 /* moveAccounts.swift */,
				6D78FDBF2B89452E00466C28 /* loadMailFolders.swift */,
				6D819BCB2B89C5C300C083C8 /* loadMessages.swift */,
				6D819BEC2B8AC12C00C083C8 /* loadBody.swift */,
				6DE002402B7E654900E7648B /* +ID.swift */,
				6DCA70192B87F9F200A68B04 /* +shared.swift */,
				6DF128E42B8711FC003FC779 /* Feature+.swift */,
				6D3F9E782B840D5D008F3745 /* AppModel+.swift */,
				6DCA70172B87F10800A68B04 /* Session+.swift */,
				6D86B72B2B7B45AC0001FFA2 /* ModelContext+.swift */,
				6D3F9E122B82F935008F3745 /* Microsoft+Requet.swift */,
				6D78FDB42B891C7A00466C28 /* Google+Request.swift */,
				6D3F9E1D2B83197A008F3745 /* deprecated_Google+.swift */,
				6D3F9B312B81FBF6008F3745 /* deprecated_GoogleAPI+Model.swift */,
			);
			path = Features;
			sourceTree = "<group>";
		};
		6DF128B62B85FB15003FC779 /* Products */ = {
			isa = PBXGroup;
			children = (
				6DF128C72B85FB15003FC779 /* MSAL.framework */,
				6DF128C92B85FB15003FC779 /* "MSAL-iOS-UI-Tests".xctest */,
				6DF128CB2B85FB15003FC779 /* MSAL.framework */,
				6DF128CD2B85FB15003FC779 /* "MSAL-Mac-Unit-Tests".xctest */,
				6DF128CF2B85FB15003FC779 /* MSAL Test App.app */,
				6DF128D12B85FB15003FC779 /* MSAL Test Automation (iOS).app */,
				6DF128D32B85FB15003FC779 /* unit-test-host.app */,
				6DF128D52B85FB15003FC779 /* InteractiveiOSTests.xctest */,
				6DF128D72B85FB15003FC779 /* MultiAppiOSTests.xctest */,
				6DF128D92B85FB15003FC779 /* MSAL Test App (Mac).app */,
				6DF128DB2B85FB15003FC779 /* libMSAL (iOS Static Library).a */,
				6DF128DD2B85FB15003FC779 /* libMSAL (macOS Static Library).a */,
				6DF128DF2B85FB15003FC779 /* unit-test-host-mac.app */,
			);
			name = Products;
			sourceTree = "<group>";
		};
/* End PBXGroup section */

/* Begin PBXNativeTarget section */
		6D63E1AC2B686F04006E555B /* JetEmail */ = {
			isa = PBXNativeTarget;
			buildConfigurationList = 6D63E1BC2B686F05006E555B /* Build configuration list for PBXNativeTarget "JetEmail" */;
			buildPhases = (
				6D63E1A92B686F04006E555B /* Sources */,
				6D63E1AA2B686F04006E555B /* Frameworks */,
				6D63E1AB2B686F04006E555B /* Resources */,
				6D3F9B762B829207008F3745 /* Embed Frameworks */,
			);
			buildRules = (
			);
			dependencies = (
			);
			name = JetEmail;
			packageProductDependencies = (
				6D90574C2B7401D5009CBB45 /* OpenAI */,
				6D703FB02B7A20E9004F3FC2 /* ObservableUserDefault */,
				6D703FB22B7A20E9004F3FC2 /* ObservableUserDefaultClient */,
				6DDA826C2B8098BB00F95066 /* GoogleAPIClientForREST_Gmail */,
				6DDA827E2B80AEE200F95066 /* KeychainAccess */,
				6D8619682B8165C8004DE92B /* AppAuth */,
				6D3F9E702B83C677008F3745 /* GTMAppAuth */,
			);
			productName = JetEmail;
			productReference = 6D63E1AD2B686F04006E555B /* JetEmail.app */;
			productType = "com.apple.product-type.application";
		};
/* End PBXNativeTarget section */

/* Begin PBXProject section */
		6D63E1A52B686F04006E555B /* Project object */ = {
			isa = PBXProject;
			attributes = {
				BuildIndependentTargetsInParallel = 1;
				LastSwiftUpdateCheck = 1520;
				LastUpgradeCheck = 1520;
				TargetAttributes = {
					6D63E1AC2B686F04006E555B = {
						CreatedOnToolsVersion = 15.2;
					};
				};
			};
			buildConfigurationList = 6D63E1A82B686F04006E555B /* Build configuration list for PBXProject "JetEmail" */;
			compatibilityVersion = "Xcode 14.0";
			developmentRegion = en;
			hasScannedForEncodings = 0;
			knownRegions = (
				en,
				Base,
				"zh-Hans",
			);
			mainGroup = 6D63E1A42B686F04006E555B;
			packageReferences = (
				6D9057482B740131009CBB45 /* XCLocalSwiftPackageReference "../OpenAI" */,
				6D703FAF2B7A20E9004F3FC2 /* XCRemoteSwiftPackageReference "ObservableUserDefault" */,
				6DDA80472B80987300F95066 /* XCRemoteSwiftPackageReference "google-api-objectivec-client-for-rest" */,
				6DDA827D2B80AEE200F95066 /* XCRemoteSwiftPackageReference "KeychainAccess" */,
				6D3F9E6F2B83C677008F3745 /* XCRemoteSwiftPackageReference "GTMAppAuth" */,
			);
			productRefGroup = 6D63E1AE2B686F04006E555B /* Products */;
			projectDirPath = "";
			projectReferences = (
				{
					ProductGroup = 6DF128B62B85FB15003FC779 /* Products */;
					ProjectRef = 6DF128B52B85FB15003FC779 /* MSAL.xcodeproj */;
				},
			);
			projectRoot = "";
			targets = (
				6D63E1AC2B686F04006E555B /* JetEmail */,
			);
		};
/* End PBXProject section */

/* Begin PBXReferenceProxy section */
		6DF128C72B85FB15003FC779 /* MSAL.framework */ = {
			isa = PBXReferenceProxy;
			fileType = wrapper.framework;
			path = MSAL.framework;
			remoteRef = 6DF128C62B85FB15003FC779 /* PBXContainerItemProxy */;
			sourceTree = BUILT_PRODUCTS_DIR;
		};
		6DF128C92B85FB15003FC779 /* "MSAL-iOS-UI-Tests".xctest */ = {
			isa = PBXReferenceProxy;
			fileType = wrapper.cfbundle;
			path = "\"MSAL-iOS-UI-Tests\".xctest";
			remoteRef = 6DF128C82B85FB15003FC779 /* PBXContainerItemProxy */;
			sourceTree = BUILT_PRODUCTS_DIR;
		};
		6DF128CB2B85FB15003FC779 /* MSAL.framework */ = {
			isa = PBXReferenceProxy;
			fileType = wrapper.framework;
			path = MSAL.framework;
			remoteRef = 6DF128CA2B85FB15003FC779 /* PBXContainerItemProxy */;
			sourceTree = BUILT_PRODUCTS_DIR;
		};
		6DF128CD2B85FB15003FC779 /* "MSAL-Mac-Unit-Tests".xctest */ = {
			isa = PBXReferenceProxy;
			fileType = wrapper.cfbundle;
			path = "\"MSAL-Mac-Unit-Tests\".xctest";
			remoteRef = 6DF128CC2B85FB15003FC779 /* PBXContainerItemProxy */;
			sourceTree = BUILT_PRODUCTS_DIR;
		};
		6DF128CF2B85FB15003FC779 /* MSAL Test App.app */ = {
			isa = PBXReferenceProxy;
			fileType = wrapper.application;
			path = "MSAL Test App.app";
			remoteRef = 6DF128CE2B85FB15003FC779 /* PBXContainerItemProxy */;
			sourceTree = BUILT_PRODUCTS_DIR;
		};
		6DF128D12B85FB15003FC779 /* MSAL Test Automation (iOS).app */ = {
			isa = PBXReferenceProxy;
			fileType = wrapper.application;
			path = "MSAL Test Automation (iOS).app";
			remoteRef = 6DF128D02B85FB15003FC779 /* PBXContainerItemProxy */;
			sourceTree = BUILT_PRODUCTS_DIR;
		};
		6DF128D32B85FB15003FC779 /* unit-test-host.app */ = {
			isa = PBXReferenceProxy;
			fileType = wrapper.application;
			path = "unit-test-host.app";
			remoteRef = 6DF128D22B85FB15003FC779 /* PBXContainerItemProxy */;
			sourceTree = BUILT_PRODUCTS_DIR;
		};
		6DF128D52B85FB15003FC779 /* InteractiveiOSTests.xctest */ = {
			isa = PBXReferenceProxy;
			fileType = wrapper.cfbundle;
			path = InteractiveiOSTests.xctest;
			remoteRef = 6DF128D42B85FB15003FC779 /* PBXContainerItemProxy */;
			sourceTree = BUILT_PRODUCTS_DIR;
		};
		6DF128D72B85FB15003FC779 /* MultiAppiOSTests.xctest */ = {
			isa = PBXReferenceProxy;
			fileType = wrapper.cfbundle;
			path = MultiAppiOSTests.xctest;
			remoteRef = 6DF128D62B85FB15003FC779 /* PBXContainerItemProxy */;
			sourceTree = BUILT_PRODUCTS_DIR;
		};
		6DF128D92B85FB15003FC779 /* MSAL Test App (Mac).app */ = {
			isa = PBXReferenceProxy;
			fileType = wrapper.application;
			path = "MSAL Test App (Mac).app";
			remoteRef = 6DF128D82B85FB15003FC779 /* PBXContainerItemProxy */;
			sourceTree = BUILT_PRODUCTS_DIR;
		};
		6DF128DB2B85FB15003FC779 /* libMSAL (iOS Static Library).a */ = {
			isa = PBXReferenceProxy;
			fileType = archive.ar;
			path = "libMSAL (iOS Static Library).a";
			remoteRef = 6DF128DA2B85FB15003FC779 /* PBXContainerItemProxy */;
			sourceTree = BUILT_PRODUCTS_DIR;
		};
		6DF128DD2B85FB15003FC779 /* libMSAL (macOS Static Library).a */ = {
			isa = PBXReferenceProxy;
			fileType = archive.ar;
			path = "libMSAL (macOS Static Library).a";
			remoteRef = 6DF128DC2B85FB15003FC779 /* PBXContainerItemProxy */;
			sourceTree = BUILT_PRODUCTS_DIR;
		};
		6DF128DF2B85FB15003FC779 /* unit-test-host-mac.app */ = {
			isa = PBXReferenceProxy;
			fileType = wrapper.application;
			path = "unit-test-host-mac.app";
			remoteRef = 6DF128DE2B85FB15003FC779 /* PBXContainerItemProxy */;
			sourceTree = BUILT_PRODUCTS_DIR;
		};
/* End PBXReferenceProxy section */

/* Begin PBXResourcesBuildPhase section */
		6D63E1AB2B686F04006E555B /* Resources */ = {
			isa = PBXResourcesBuildPhase;
			buildActionMask = 2147483647;
			files = (
				6D63E1B52B686F05006E555B /* Assets.xcassets in Resources */,
				6DDEBDE32B8AED3E007B1692 /* Preview Assets.xcassets in Resources */,
				6D3191942B7151930027DB5A /* Localizable.xcstrings in Resources */,
			);
			runOnlyForDeploymentPostprocessing = 0;
		};
/* End PBXResourcesBuildPhase section */

/* Begin PBXSourcesBuildPhase section */
		6D63E1A92B686F04006E555B /* Sources */ = {
			isa = PBXSourcesBuildPhase;
			buildActionMask = 2147483647;
			files = (
				6D78FDBE2B89451200466C28 /* signOut.swift in Sources */,
				6D582E7A2B6B291D007864EC /* AccountsTab.swift in Sources */,
				6D3F9E1C2B830EA9008F3745 /* AppModel.swift in Sources */,
				6DE002412B7E654900E7648B /* +ID.swift in Sources */,
				6D0534102B7D529F0085EDEC /* MessageCell.swift in Sources */,
				6D819BED2B8AC12C00C083C8 /* loadBody.swift in Sources */,
				6D05341F2B7DA35B0085EDEC /* AccountSectionHeader.swift in Sources */,
				6D50502E2B6C206500253783 /* JSON.swift in Sources */,
				6D0534132B7D533E0085EDEC /* AccountListToolBar.swift in Sources */,
				6D05342E2B7DE07C0085EDEC /* Microsoft.Account.swift in Sources */,
				6D86B72E2B7B61490001FFA2 /* Message.swift in Sources */,
				6D0533F82B7C2FE70085EDEC /* MessageList.swift in Sources */,
				6DE002452B7EF2F300E7648B /* AppItemModel.swift in Sources */,
				6D582E782B6B2875007864EC /* CombineContext.swift in Sources */,
				6DEF40B52B6B6E8700B7AA68 /* Microsoft.MailFolder.swift in Sources */,
				6D3F9B322B81FBF6008F3745 /* deprecated_GoogleAPI+Model.swift in Sources */,
				6DF128E52B8711FC003FC779 /* Feature+.swift in Sources */,
				6D0534262B7DC1910085EDEC /* MessageListToolBar.swift in Sources */,
				6D78FDB72B8924A800466C28 /* Google.MailFolder.swift in Sources */,
				6D819BD02B89D21000C083C8 /* Google.Message.swift in Sources */,
				6D86B7262B7B3D1B0001FFA2 /* MailFolder.swift in Sources */,
				6DA7D1002B738BAD00F202A7 /* MSAL.Others.swift in Sources */,
				6D78FDBC2B8944F200466C28 /* signIn.swift in Sources */,
				6DF1286F2B8554C4003FC779 /* Google.Account.swift in Sources */,
				6D90574F2B742EC3009CBB45 /* Agent.swift in Sources */,
				6D05342C2B7DE0580085EDEC /* Microsoft.swift in Sources */,
				6DDA82702B809C0900F95066 /* Google.swift in Sources */,
				6D0534232B7DB1730085EDEC /* MailFolderCell.swift in Sources */,
				6D0534042B7CE6510085EDEC /* GeneralTab.swift in Sources */,
				6DEF40AF2B6B6BC000B7AA68 /* SetingsView.swift in Sources */,
				6D0534062B7CEB500085EDEC /* RefreshButton.swift in Sources */,
				6D63E1B12B686F04006E555B /* JetEmailApp.swift in Sources */,
				6D78FDC02B89452E00466C28 /* loadMailFolders.swift in Sources */,
				6DF128732B857411003FC779 /* Microsoft+MSAL.swift in Sources */,
				6DE002482B7F0ED800E7648B /* ViewModels+.swift in Sources */,
				6DEF40B32B6B6E5E00B7AA68 /* Tree.swift in Sources */,
				6D3F9E1E2B83197A008F3745 /* deprecated_Google+.swift in Sources */,
				6D78FDB52B891C7A00466C28 /* Google+Request.swift in Sources */,
				6D86B72C2B7B45AC0001FFA2 /* ModelContext+.swift in Sources */,
				6D3F9E132B82F935008F3745 /* Microsoft+Requet.swift in Sources */,
				6DCA70182B87F10800A68B04 /* Session+.swift in Sources */,
				6D3F9E7B2B84174B008F3745 /* Google+Account.swift in Sources */,
				6D86B7192B7B2B9C0001FFA2 /* ResultView.swift in Sources */,
				6D0534082B7D47A20085EDEC /* AccountList.swift in Sources */,
				6D0533F32B7C2A830085EDEC /* ViewModifier.swift in Sources */,
				6D3F9E792B840D5D008F3745 /* AppModel+.swift in Sources */,
				6D78FDBA2B8944C000466C28 /* loadAccounts.swift in Sources */,
				6DF128E32B86F5D1003FC779 /* Session.swift in Sources */,
				6D86B7232B7B2EC30001FFA2 /* AccountSectionList.swift in Sources */,
				6D05340A2B7D47D90085EDEC /* AccountCell.swift in Sources */,
				6D86B7242B7B2EC30001FFA2 /* MessageView.swift in Sources */,
				6D05342A2B7DDF710085EDEC /* StringID.swift in Sources */,
				6DF1286D2B854105003FC779 /* Google.Keychain.swift in Sources */,
				6D21BD632B6CDCEE00FF6FDB /* MailWindowModel.swift in Sources */,
				6D86B7152B7B2A480001FFA2 /* WebView.swift in Sources */,
				6DA7D0FA2B738AEE00F202A7 /* Microsoft+Account.swift in Sources */,
				6D819BCC2B89C5C300C083C8 /* loadMessages.swift in Sources */,
				6DF128772B858F7C003FC779 /* Microsoft.Session.swift in Sources */,
				6D86B7222B7B2EC30001FFA2 /* AccountSection.swift in Sources */,
				6D0534282B7DDCBB0085EDEC /* Error.swift in Sources */,
				6D0534192B7D709D0085EDEC /* SplitView.swift in Sources */,
				6D5050302B6C458600253783 /* TargetFolderPaths.swift in Sources */,
				6D819BCE2B89C65900C083C8 /* moveAccounts.swift in Sources */,
				6D86B7212B7B2EC30001FFA2 /* MailWindow.swift in Sources */,
				6DDA827C2B80ABDF00F95066 /* Google.Session.swift in Sources */,
				6D5050322B6C99D800253783 /* HStack.swift in Sources */,
				6D05340C2B7D48000085EDEC /* AccountView.swift in Sources */,
				6D703FB62B7ACD9A004F3FC2 /* Account.swift in Sources */,
				6DF128712B85649D003FC779 /* Google+GTM.swift in Sources */,
				6DA7D0FE2B738B7100F202A7 /* Microsoft.Message.swift in Sources */,
				6DEF40AB2B6B621500B7AA68 /* SettingsModel.swift in Sources */,
				6D582E742B6AFAA4007864EC /* VC.swift in Sources */,
				6DCA701A2B87F9F200A68B04 /* +shared.swift in Sources */,
				6D86B72A2B7B3E690001FFA2 /* Foundation.JSON.swift in Sources */,
			);
			runOnlyForDeploymentPostprocessing = 0;
		};
/* End PBXSourcesBuildPhase section */

/* Begin XCBuildConfiguration section */
		6D63E1BA2B686F05006E555B /* Debug */ = {
			isa = XCBuildConfiguration;
			buildSettings = {
				ALWAYS_SEARCH_USER_PATHS = NO;
				ASSETCATALOG_COMPILER_GENERATE_SWIFT_ASSET_SYMBOL_EXTENSIONS = YES;
				CLANG_ANALYZER_LOCALIZABILITY_NONLOCALIZED = YES;
				CLANG_ANALYZER_NONNULL = YES;
				CLANG_ANALYZER_NUMBER_OBJECT_CONVERSION = YES_AGGRESSIVE;
				CLANG_CXX_LANGUAGE_STANDARD = "gnu++20";
				CLANG_ENABLE_MODULES = YES;
				CLANG_ENABLE_OBJC_ARC = YES;
				CLANG_ENABLE_OBJC_WEAK = YES;
				CLANG_WARN_BLOCK_CAPTURE_AUTORELEASING = YES;
				CLANG_WARN_BOOL_CONVERSION = YES;
				CLANG_WARN_COMMA = YES;
				CLANG_WARN_CONSTANT_CONVERSION = YES;
				CLANG_WARN_DEPRECATED_OBJC_IMPLEMENTATIONS = YES;
				CLANG_WARN_DIRECT_OBJC_ISA_USAGE = YES_ERROR;
				CLANG_WARN_DOCUMENTATION_COMMENTS = YES;
				CLANG_WARN_EMPTY_BODY = YES;
				CLANG_WARN_ENUM_CONVERSION = YES;
				CLANG_WARN_INFINITE_RECURSION = YES;
				CLANG_WARN_INT_CONVERSION = YES;
				CLANG_WARN_NON_LITERAL_NULL_CONVERSION = YES;
				CLANG_WARN_OBJC_IMPLICIT_RETAIN_SELF = YES;
				CLANG_WARN_OBJC_LITERAL_CONVERSION = YES;
				CLANG_WARN_OBJC_ROOT_CLASS = YES_ERROR;
				CLANG_WARN_QUOTED_INCLUDE_IN_FRAMEWORK_HEADER = YES;
				CLANG_WARN_RANGE_LOOP_ANALYSIS = YES;
				CLANG_WARN_STRICT_PROTOTYPES = YES;
				CLANG_WARN_SUSPICIOUS_MOVE = YES;
				CLANG_WARN_UNGUARDED_AVAILABILITY = YES_AGGRESSIVE;
				CLANG_WARN_UNREACHABLE_CODE = YES;
				CLANG_WARN__DUPLICATE_METHOD_MATCH = YES;
				COPY_PHASE_STRIP = NO;
				DEAD_CODE_STRIPPING = YES;
				DEBUG_INFORMATION_FORMAT = dwarf;
				ENABLE_STRICT_OBJC_MSGSEND = YES;
				ENABLE_TESTABILITY = YES;
				ENABLE_USER_SCRIPT_SANDBOXING = YES;
				GCC_C_LANGUAGE_STANDARD = gnu17;
				GCC_DYNAMIC_NO_PIC = NO;
				GCC_NO_COMMON_BLOCKS = YES;
				GCC_OPTIMIZATION_LEVEL = 0;
				GCC_PREPROCESSOR_DEFINITIONS = (
					"DEBUG=1",
					"$(inherited)",
				);
				GCC_WARN_64_TO_32_BIT_CONVERSION = YES;
				GCC_WARN_ABOUT_RETURN_TYPE = YES_ERROR;
				GCC_WARN_UNDECLARED_SELECTOR = YES;
				GCC_WARN_UNINITIALIZED_AUTOS = YES_AGGRESSIVE;
				GCC_WARN_UNUSED_FUNCTION = YES;
				GCC_WARN_UNUSED_VARIABLE = YES;
				LOCALIZATION_PREFERS_STRING_CATALOGS = YES;
				MACOSX_DEPLOYMENT_TARGET = 14.0;
				MTL_ENABLE_DEBUG_INFO = INCLUDE_SOURCE;
				MTL_FAST_MATH = YES;
				ONLY_ACTIVE_ARCH = YES;
				SDKROOT = macosx;
				SWIFT_ACTIVE_COMPILATION_CONDITIONS = "DEBUG $(inherited)";
				SWIFT_OPTIMIZATION_LEVEL = "-Onone";
			};
			name = Debug;
		};
		6D63E1BB2B686F05006E555B /* Release */ = {
			isa = XCBuildConfiguration;
			buildSettings = {
				ALWAYS_SEARCH_USER_PATHS = NO;
				ASSETCATALOG_COMPILER_GENERATE_SWIFT_ASSET_SYMBOL_EXTENSIONS = YES;
				CLANG_ANALYZER_LOCALIZABILITY_NONLOCALIZED = YES;
				CLANG_ANALYZER_NONNULL = YES;
				CLANG_ANALYZER_NUMBER_OBJECT_CONVERSION = YES_AGGRESSIVE;
				CLANG_CXX_LANGUAGE_STANDARD = "gnu++20";
				CLANG_ENABLE_MODULES = YES;
				CLANG_ENABLE_OBJC_ARC = YES;
				CLANG_ENABLE_OBJC_WEAK = YES;
				CLANG_WARN_BLOCK_CAPTURE_AUTORELEASING = YES;
				CLANG_WARN_BOOL_CONVERSION = YES;
				CLANG_WARN_COMMA = YES;
				CLANG_WARN_CONSTANT_CONVERSION = YES;
				CLANG_WARN_DEPRECATED_OBJC_IMPLEMENTATIONS = YES;
				CLANG_WARN_DIRECT_OBJC_ISA_USAGE = YES_ERROR;
				CLANG_WARN_DOCUMENTATION_COMMENTS = YES;
				CLANG_WARN_EMPTY_BODY = YES;
				CLANG_WARN_ENUM_CONVERSION = YES;
				CLANG_WARN_INFINITE_RECURSION = YES;
				CLANG_WARN_INT_CONVERSION = YES;
				CLANG_WARN_NON_LITERAL_NULL_CONVERSION = YES;
				CLANG_WARN_OBJC_IMPLICIT_RETAIN_SELF = YES;
				CLANG_WARN_OBJC_LITERAL_CONVERSION = YES;
				CLANG_WARN_OBJC_ROOT_CLASS = YES_ERROR;
				CLANG_WARN_QUOTED_INCLUDE_IN_FRAMEWORK_HEADER = YES;
				CLANG_WARN_RANGE_LOOP_ANALYSIS = YES;
				CLANG_WARN_STRICT_PROTOTYPES = YES;
				CLANG_WARN_SUSPICIOUS_MOVE = YES;
				CLANG_WARN_UNGUARDED_AVAILABILITY = YES_AGGRESSIVE;
				CLANG_WARN_UNREACHABLE_CODE = YES;
				CLANG_WARN__DUPLICATE_METHOD_MATCH = YES;
				COPY_PHASE_STRIP = NO;
				DEAD_CODE_STRIPPING = YES;
				DEBUG_INFORMATION_FORMAT = "dwarf-with-dsym";
				ENABLE_NS_ASSERTIONS = NO;
				ENABLE_STRICT_OBJC_MSGSEND = YES;
				ENABLE_USER_SCRIPT_SANDBOXING = YES;
				GCC_C_LANGUAGE_STANDARD = gnu17;
				GCC_NO_COMMON_BLOCKS = YES;
				GCC_WARN_64_TO_32_BIT_CONVERSION = YES;
				GCC_WARN_ABOUT_RETURN_TYPE = YES_ERROR;
				GCC_WARN_UNDECLARED_SELECTOR = YES;
				GCC_WARN_UNINITIALIZED_AUTOS = YES_AGGRESSIVE;
				GCC_WARN_UNUSED_FUNCTION = YES;
				GCC_WARN_UNUSED_VARIABLE = YES;
				LOCALIZATION_PREFERS_STRING_CATALOGS = YES;
				MACOSX_DEPLOYMENT_TARGET = 14.0;
				MTL_ENABLE_DEBUG_INFO = NO;
				MTL_FAST_MATH = YES;
				SDKROOT = macosx;
				SWIFT_COMPILATION_MODE = wholemodule;
			};
			name = Release;
		};
		6D63E1BD2B686F05006E555B /* Debug */ = {
			isa = XCBuildConfiguration;
			buildSettings = {
				ASSETCATALOG_COMPILER_APPICON_NAME = AppIcon;
				ASSETCATALOG_COMPILER_GLOBAL_ACCENT_COLOR_NAME = AccentColor;
				CODE_SIGN_ENTITLEMENTS = JetEmail/Resources/JetEmail.entitlements;
				CODE_SIGN_STYLE = Automatic;
				COMBINE_HIDPI_IMAGES = YES;
				CURRENT_PROJECT_VERSION = 1;
				DEAD_CODE_STRIPPING = YES;
				DEVELOPMENT_ASSET_PATHS = "\"JetEmail/Resources/Preview Content\"";
				DEVELOPMENT_TEAM = ED72FQVT6C;
				ENABLE_HARDENED_RUNTIME = YES;
				ENABLE_PREVIEWS = YES;
				GENERATE_INFOPLIST_FILE = YES;
				INFOPLIST_KEY_NSHumanReadableCopyright = "";
				LD_RUNPATH_SEARCH_PATHS = (
					"$(inherited)",
					"@executable_path/../Frameworks",
				);
				MARKETING_VERSION = 1.0;
				PRODUCT_BUNDLE_IDENTIFIER = "me.frogcjn.jet-email";
				PRODUCT_NAME = "$(TARGET_NAME)";
				SWIFT_EMIT_LOC_STRINGS = YES;
				SWIFT_VERSION = 5.0;
			};
			name = Debug;
		};
		6D63E1BE2B686F05006E555B /* Release */ = {
			isa = XCBuildConfiguration;
			buildSettings = {
				ASSETCATALOG_COMPILER_APPICON_NAME = AppIcon;
				ASSETCATALOG_COMPILER_GLOBAL_ACCENT_COLOR_NAME = AccentColor;
				CODE_SIGN_ENTITLEMENTS = JetEmail/Resources/JetEmail.entitlements;
				CODE_SIGN_STYLE = Automatic;
				COMBINE_HIDPI_IMAGES = YES;
				CURRENT_PROJECT_VERSION = 1;
				DEAD_CODE_STRIPPING = YES;
				DEVELOPMENT_ASSET_PATHS = "\"JetEmail/Resources/Preview Content\"";
				DEVELOPMENT_TEAM = ED72FQVT6C;
				ENABLE_HARDENED_RUNTIME = YES;
				ENABLE_PREVIEWS = YES;
				GENERATE_INFOPLIST_FILE = YES;
				INFOPLIST_KEY_NSHumanReadableCopyright = "";
				LD_RUNPATH_SEARCH_PATHS = (
					"$(inherited)",
					"@executable_path/../Frameworks",
				);
				MARKETING_VERSION = 1.0;
				PRODUCT_BUNDLE_IDENTIFIER = "me.frogcjn.jet-email";
				PRODUCT_NAME = "$(TARGET_NAME)";
				SWIFT_EMIT_LOC_STRINGS = YES;
				SWIFT_VERSION = 5.0;
			};
			name = Release;
		};
/* End XCBuildConfiguration section */

/* Begin XCConfigurationList section */
		6D63E1A82B686F04006E555B /* Build configuration list for PBXProject "JetEmail" */ = {
			isa = XCConfigurationList;
			buildConfigurations = (
				6D63E1BA2B686F05006E555B /* Debug */,
				6D63E1BB2B686F05006E555B /* Release */,
			);
			defaultConfigurationIsVisible = 0;
			defaultConfigurationName = Release;
		};
		6D63E1BC2B686F05006E555B /* Build configuration list for PBXNativeTarget "JetEmail" */ = {
			isa = XCConfigurationList;
			buildConfigurations = (
				6D63E1BD2B686F05006E555B /* Debug */,
				6D63E1BE2B686F05006E555B /* Release */,
			);
			defaultConfigurationIsVisible = 0;
			defaultConfigurationName = Release;
		};
/* End XCConfigurationList section */

/* Begin XCLocalSwiftPackageReference section */
		6D9057482B740131009CBB45 /* XCLocalSwiftPackageReference "../OpenAI" */ = {
			isa = XCLocalSwiftPackageReference;
			relativePath = ../OpenAI;
		};
/* End XCLocalSwiftPackageReference section */

/* Begin XCRemoteSwiftPackageReference section */
		6D3F9E6F2B83C677008F3745 /* XCRemoteSwiftPackageReference "GTMAppAuth" */ = {
			isa = XCRemoteSwiftPackageReference;
			repositoryURL = "https://github.com/google/GTMAppAuth";
			requirement = {
				kind = upToNextMajorVersion;
				minimumVersion = 4.0.0;
			};
		};
		6D703FAF2B7A20E9004F3FC2 /* XCRemoteSwiftPackageReference "ObservableUserDefault" */ = {
			isa = XCRemoteSwiftPackageReference;
			repositoryURL = "https://github.com/davidsteppenbeck/ObservableUserDefault";
			requirement = {
				kind = upToNextMajorVersion;
				minimumVersion = 1.2.0;
			};
		};
		6DDA80472B80987300F95066 /* XCRemoteSwiftPackageReference "google-api-objectivec-client-for-rest" */ = {
			isa = XCRemoteSwiftPackageReference;
			repositoryURL = "https://github.com/google/google-api-objectivec-client-for-rest";
			requirement = {
				kind = upToNextMajorVersion;
				minimumVersion = 3.5.1;
			};
		};
		6DDA827D2B80AEE200F95066 /* XCRemoteSwiftPackageReference "KeychainAccess" */ = {
			isa = XCRemoteSwiftPackageReference;
			repositoryURL = "https://github.com/kishikawakatsumi/KeychainAccess";
			requirement = {
				kind = upToNextMajorVersion;
				minimumVersion = 4.2.2;
			};
		};
/* End XCRemoteSwiftPackageReference section */

/* Begin XCSwiftPackageProductDependency section */
		6D3F9E702B83C677008F3745 /* GTMAppAuth */ = {
			isa = XCSwiftPackageProductDependency;
			package = 6D3F9E6F2B83C677008F3745 /* XCRemoteSwiftPackageReference "GTMAppAuth" */;
			productName = GTMAppAuth;
		};
		6D703FB02B7A20E9004F3FC2 /* ObservableUserDefault */ = {
			isa = XCSwiftPackageProductDependency;
			package = 6D703FAF2B7A20E9004F3FC2 /* XCRemoteSwiftPackageReference "ObservableUserDefault" */;
			productName = ObservableUserDefault;
		};
		6D703FB22B7A20E9004F3FC2 /* ObservableUserDefaultClient */ = {
			isa = XCSwiftPackageProductDependency;
			package = 6D703FAF2B7A20E9004F3FC2 /* XCRemoteSwiftPackageReference "ObservableUserDefault" */;
			productName = ObservableUserDefaultClient;
		};
		6D8619682B8165C8004DE92B /* AppAuth */ = {
			isa = XCSwiftPackageProductDependency;
			productName = AppAuth;
		};
		6D90574C2B7401D5009CBB45 /* OpenAI */ = {
			isa = XCSwiftPackageProductDependency;
			package = 6D9057482B740131009CBB45 /* XCLocalSwiftPackageReference "../OpenAI" */;
			productName = OpenAI;
		};
		6DDA826C2B8098BB00F95066 /* GoogleAPIClientForREST_Gmail */ = {
			isa = XCSwiftPackageProductDependency;
			package = 6DDA80472B80987300F95066 /* XCRemoteSwiftPackageReference "google-api-objectivec-client-for-rest" */;
			productName = GoogleAPIClientForREST_Gmail;
		};
		6DDA827E2B80AEE200F95066 /* KeychainAccess */ = {
			isa = XCSwiftPackageProductDependency;
			package = 6DDA827D2B80AEE200F95066 /* XCRemoteSwiftPackageReference "KeychainAccess" */;
			productName = KeychainAccess;
		};
/* End XCSwiftPackageProductDependency section */
	};
	rootObject = 6D63E1A52B686F04006E555B /* Project object */;
}
