{
  "pins" : [
    {
      "identity" : "appauth-ios",
      "kind" : "remoteSourceControl",
      "location" : "https://github.com/frogcjn/AppAuth-iOS.git",
      "state" : {
        "branch" : "frogcjn/visionOS",
        "revision" : "c9520e847f3f699184174f96e5b0421c2d68b0fd"
      }
    },
    {
      "identity" : "google-api-objectivec-client-for-rest",
      "kind" : "remoteSourceControl",
      "location" : "https://github.com/frogcjn/google-api-objectivec-client-for-rest.git",
      "state" : {
        "branch" : "frogcjn/GTLR_SKIP_PAGES_WARNING",
        "revision" : "1c95b9fbcf98aee0d6ff09c281c028c2df877f18"
      }
    },
    {
      "identity" : "gtm-session-fetcher",
      "kind" : "remoteSourceControl",
      "location" : "https://github.com/google/gtm-session-fetcher.git",
      "state" : {
        "revision" : "76135c9f4e1ac85459d5fec61b6f76ac47ab3a4c",
        "version" : "3.3.1"
      }
    },
    {
      "identity" : "gtmappauth",
      "kind" : "remoteSourceControl",
      "location" : "https://github.com/frogcjn/GTMAppAuth.git",
      "state" : {
        "branch" : "frogcjn/visionOS",
        "revision" : "9f08f84f9ffc6acb8a69f4e6515090023d9f7dfe"
      }
    },
    {
      "identity" : "mimeemailparser",
      "kind" : "remoteSourceControl",
      "location" : "https://github.com/igorrendulic/MimeEmailParser.git",
      "state" : {
        "revision" : "0cc903889dc1312f350a2e43e2654233789b18ce",
        "version" : "1.0.5"
      }
    },
    {
      "identity" : "msal",
      "kind" : "remoteSourceControl",
      "location" : "https://github.com/frogcjn/MSAL.git",
      "state" : {
        "branch" : "main",
        "revision" : "028506800eadbcf0a66676090234d90972f3317c"
      }
    },
    {
      "identity" : "openai",
      "kind" : "remoteSourceControl",
      "location" : "https://github.com/frogcjn/OpenAI",
      "state" : {
        "branch" : "main",
        "revision" : "b184b9704c9b703466914708757b69ed09b2bea1"
      }
    }
  ],
  "version" : 2
}
