{
  "pins" : [
    {
      "identity" : "appauth-ios",
      "kind" : "remoteSourceControl",
      "location" : "https://github.com/frogcjn/AppAuth-iOS.git",
      "state" : {
        "branch" : "frogcjn/visionOS",
        "revision" : "26f675a7b17b74de1e3aeb050c1d545487cf5378"
      }
    },
    {
      "identity" : "google-api-objectivec-client-for-rest",
      "kind" : "remoteSourceControl",
      "location" : "https://github.com/google/google-api-objectivec-client-for-rest.git",
      "state" : {
        "revision" : "8b200e6e447c04140ac027cba4f368402766965f",
        "version" : "3.5.1"
      }
    },
    {
      "identity" : "gtm-session-fetcher",
      "kind" : "remoteSourceControl",
      "location" : "https://github.com/google/gtm-session-fetcher.git",
      "state" : {
        "revision" : "76135c9f4e1ac85459d5fec61b6f76ac47ab3a4c",
        "version" : "3.3.1"
      }
    },
    {
      "identity" : "gtmappauth",
      "kind" : "remoteSourceControl",
      "location" : "https://github.com/frogcjn/GTMAppAuth.git",
      "state" : {
        "branch" : "frogcjn/visionOS",
        "revision" : "9f08f84f9ffc6acb8a69f4e6515090023d9f7dfe"
      }
    },
    {
      "identity" : "mimeemailparser",
      "kind" : "remoteSourceControl",
      "location" : "https://github.com/igorrendulic/MimeEmailParser",
      "state" : {
        "revision" : "0cc903889dc1312f350a2e43e2654233789b18ce",
        "version" : "1.0.5"
      }
    },
    {
      "identity" : "msal",
      "kind" : "remoteSourceControl",
      "location" : "https://github.com/frogcjn/MSAL.git",
      "state" : {
        "branch" : "main",
        "revision" : "028506800eadbcf0a66676090234d90972f3317c"
      }
    },
    {
      "identity" : "observableuserdefault",
      "kind" : "remoteSourceControl",
      "location" : "https://github.com/davidsteppenbeck/ObservableUserDefault",
      "state" : {
        "revision" : "eab5caf5d82cf60c18a839f47b429de47078b2a8",
        "version" : "1.2.0"
      }
    },
    {
      "identity" : "swift-syntax",
      "kind" : "remoteSourceControl",
      "location" : "https://github.com/apple/swift-syntax.git",
      "state" : {
        "revision" : "64889f0c732f210a935a0ad7cda38f77f876262d",
        "version" : "509.1.1"
      }
    }
  ],
  "version" : 2
}
